// !$*UTF8*$!
{
	archiveVersion = 1;
	classes = {
	};
	objectVersion = 56;
	objects = {

/* Begin PBXBuildFile section */
		BD00ADBD2C78564B0064415F /* LoginView.swift in Sources */ = {isa = PBXBuildFile; fileRef = BD00ADBC2C78564B0064415F /* LoginView.swift */; };
		BD010BE72C99DA910060CCDF /* Multipart.swift in Sources */ = {isa = PBXBuildFile; fileRef = BD010BE62C99DA910060CCDF /* Multipart.swift */; };
		BD077EDD2CEC7A5200253CF5 /* WeatherStation.swift in Sources */ = {isa = PBXBuildFile; fileRef = BD077EDC2CEC7A5200253CF5 /* WeatherStation.swift */; };
		BD079D812EB608130038AE5A /* TMDBEndpoint.swift in Sources */ = {isa = PBXBuildFile; fileRef = BD079D802EB608130038AE5A /* TMDBEndpoint.swift */; };
		BD079D832EB64B180038AE5A /* TMDB.swift in Sources */ = {isa = PBXBuildFile; fileRef = BD079D822EB64B180038AE5A /* TMDB.swift */; };
		BD10F1492BCFADC700B79888 /* ImageView.swift in Sources */ = {isa = PBXBuildFile; fileRef = BD10F1482BCFADC700B79888 /* ImageView.swift */; };
		BD10F14B2BD1079200B79888 /* AppConstants.swift in Sources */ = {isa = PBXBuildFile; fileRef = BD10F14A2BD1079100B79888 /* AppConstants.swift */; };
		BD10F14D2BD5173600B79888 /* SearchBar.swift in Sources */ = {isa = PBXBuildFile; fileRef = BD10F14C2BD5173600B79888 /* SearchBar.swift */; };
		BD1297652C6BC169007938F1 /* Background.swift in Sources */ = {isa = PBXBuildFile; fileRef = BD1297642C6BC169007938F1 /* Background.swift */; };
		BD1297672C6CF74E007938F1 /* Logger.swift in Sources */ = {isa = PBXBuildFile; fileRef = BD1297662C6CF74D007938F1 /* Logger.swift */; };
		BD1297692C6E240A007938F1 /* MainViewModelTest.swift in Sources */ = {isa = PBXBuildFile; fileRef = BD1297682C6E240A007938F1 /* MainViewModelTest.swift */; };
		BD12976D2C6E2501007938F1 /* MockWeatherRepository.swift in Sources */ = {isa = PBXBuildFile; fileRef = BD12976C2C6E2501007938F1 /* MockWeatherRepository.swift */; };
		BD16517D2C2BD82A00E7BDE1 /* ReachabilityManager.swift in Sources */ = {isa = PBXBuildFile; fileRef = BD16517C2C2BD82A00E7BDE1 /* ReachabilityManager.swift */; };
		BD2171302B56B9C600F58C14 /* AppDelegate.swift in Sources */ = {isa = PBXBuildFile; fileRef = BD21712F2B56B9C600F58C14 /* AppDelegate.swift */; };
		BD2171322B56B9C600F58C14 /* SceneDelegate.swift in Sources */ = {isa = PBXBuildFile; fileRef = BD2171312B56B9C600F58C14 /* SceneDelegate.swift */; };
		BD2171392B56B9D000F58C14 /* Assets.xcassets in Resources */ = {isa = PBXBuildFile; fileRef = BD2171382B56B9D000F58C14 /* Assets.xcassets */; };
		BD21713C2B56B9D000F58C14 /* LaunchScreen.storyboard in Resources */ = {isa = PBXBuildFile; fileRef = BD21713A2B56B9D000F58C14 /* LaunchScreen.storyboard */; };
		BD2171472B56B9D100F58C14 /* WeatherAPiTests.swift in Sources */ = {isa = PBXBuildFile; fileRef = BD2171462B56B9D100F58C14 /* WeatherAPiTests.swift */; };
		BD2171512B56B9D100F58C14 /* WeatherAPiUITests.swift in Sources */ = {isa = PBXBuildFile; fileRef = BD2171502B56B9D100F58C14 /* WeatherAPiUITests.swift */; };
		BD2171532B56B9D100F58C14 /* WeatherAPiUITestsLaunchTests.swift in Sources */ = {isa = PBXBuildFile; fileRef = BD2171522B56B9D100F58C14 /* WeatherAPiUITestsLaunchTests.swift */; };
		BD2171652B56BD9700F58C14 /* MainViewController.swift in Sources */ = {isa = PBXBuildFile; fileRef = BD2171642B56BD9700F58C14 /* MainViewController.swift */; };
		BD2171672B56BDAE00F58C14 /* MainViewModel.swift in Sources */ = {isa = PBXBuildFile; fileRef = BD2171662B56BDAE00F58C14 /* MainViewModel.swift */; };
		BD2171692B56BDF500F58C14 /* MainContentView.swift in Sources */ = {isa = PBXBuildFile; fileRef = BD2171682B56BDF500F58C14 /* MainContentView.swift */; };
		BD21716B2B56BE2900F58C14 /* DetailViewController.swift in Sources */ = {isa = PBXBuildFile; fileRef = BD21716A2B56BE2900F58C14 /* DetailViewController.swift */; };
		BD21716D2B56BE3B00F58C14 /* DetailViewMoidel.swift in Sources */ = {isa = PBXBuildFile; fileRef = BD21716C2B56BE3B00F58C14 /* DetailViewMoidel.swift */; };
		BD21716F2B56BE8500F58C14 /* DetailContentView.swift in Sources */ = {isa = PBXBuildFile; fileRef = BD21716E2B56BE8500F58C14 /* DetailContentView.swift */; };
		BD2171722B56BEEE00F58C14 /* WeatherModel.swift in Sources */ = {isa = PBXBuildFile; fileRef = BD2171712B56BEEE00F58C14 /* WeatherModel.swift */; };
		BD2171752B56C21A00F58C14 /* APIClient.swift in Sources */ = {isa = PBXBuildFile; fileRef = BD2171742B56C21A00F58C14 /* APIClient.swift */; };
		BD2171772B56C22900F58C14 /* APIError.swift in Sources */ = {isa = PBXBuildFile; fileRef = BD2171762B56C22900F58C14 /* APIError.swift */; };
		BD21717A2B56C25900F58C14 /* AppCoordinator.swift in Sources */ = {isa = PBXBuildFile; fileRef = BD2171792B56C25900F58C14 /* AppCoordinator.swift */; };
		BD21717D2B56C2E400F58C14 /* WeatherRepository.swift in Sources */ = {isa = PBXBuildFile; fileRef = BD21717C2B56C2E400F58C14 /* WeatherRepository.swift */; };
		BD21717F2B56C4CF00F58C14 /* NavigationController.swift in Sources */ = {isa = PBXBuildFile; fileRef = BD21717E2B56C4CF00F58C14 /* NavigationController.swift */; };
		BD2171812B56C5E000F58C14 /* Endpoint.swift in Sources */ = {isa = PBXBuildFile; fileRef = BD2171802B56C5E000F58C14 /* Endpoint.swift */; };
		BD2171842B56C60400F58C14 /* WeatherEndpoint.swift in Sources */ = {isa = PBXBuildFile; fileRef = BD2171832B56C60400F58C14 /* WeatherEndpoint.swift */; };
		BD4B56FF2C8B61680025814A /* ImagePickerController.swift in Sources */ = {isa = PBXBuildFile; fileRef = BD4B56FE2C8B61680025814A /* ImagePickerController.swift */; };
		BD4B57012C8B618F0025814A /* MultipartRequest.swift in Sources */ = {isa = PBXBuildFile; fileRef = BD4B57002C8B618F0025814A /* MultipartRequest.swift */; };
		BD4B57032C8B6A5D0025814A /* MultipartRequest2.swift in Sources */ = {isa = PBXBuildFile; fileRef = BD4B57022C8B6A5D0025814A /* MultipartRequest2.swift */; };
		BD4B57062C90873E0025814A /* ImageUploadViewController.swift in Sources */ = {isa = PBXBuildFile; fileRef = BD4B57052C90873E0025814A /* ImageUploadViewController.swift */; };
		BD4B57082C9087510025814A /* ImageUploadViewModel.swift in Sources */ = {isa = PBXBuildFile; fileRef = BD4B57072C9087510025814A /* ImageUploadViewModel.swift */; };
		BD4B570A2C9087650025814A /* ImageUploadContentView.swift in Sources */ = {isa = PBXBuildFile; fileRef = BD4B57092C9087650025814A /* ImageUploadContentView.swift */; };
		BD4B570C2C908CC10025814A /* UploadModel.swift in Sources */ = {isa = PBXBuildFile; fileRef = BD4B570B2C908CC10025814A /* UploadModel.swift */; };
		BD4B570E2C908FC40025814A /* ImageUploadRepository.swift in Sources */ = {isa = PBXBuildFile; fileRef = BD4B570D2C908FC40025814A /* ImageUploadRepository.swift */; };
		BD4B57122C9097500025814A /* ImageUploadEndpoint.swift in Sources */ = {isa = PBXBuildFile; fileRef = BD4B57112C9097500025814A /* ImageUploadEndpoint.swift */; };
		BD5457D72D0D497F0097F865 /* FactoryPattern1.swift in Sources */ = {isa = PBXBuildFile; fileRef = BD5457D62D0D497F0097F865 /* FactoryPattern1.swift */; };
		BD5457D92D0D4B7D0097F865 /* FactoryPattern2.swift in Sources */ = {isa = PBXBuildFile; fileRef = BD5457D82D0D4B7D0097F865 /* FactoryPattern2.swift */; };
		BD5457DB2D0D4C450097F865 /* FactoryPattern3.swift in Sources */ = {isa = PBXBuildFile; fileRef = BD5457DA2D0D4C450097F865 /* FactoryPattern3.swift */; };
		BD5457DE2D0EF4000097F865 /* PropertyWrappers.swift in Sources */ = {isa = PBXBuildFile; fileRef = BD5457DD2D0EF4000097F865 /* PropertyWrappers.swift */; };
		BD5457E02D119A270097F865 /* Inject.swift in Sources */ = {isa = PBXBuildFile; fileRef = BD5457DF2D119A270097F865 /* Inject.swift */; };
		BD69AB082C6F916F00DA4D2D /* Mockable.swift in Sources */ = {isa = PBXBuildFile; fileRef = BD69AB072C6F916F00DA4D2D /* Mockable.swift */; };
		BD6BFEC32EA926E300F24B73 /* ErrorModel.swift in Sources */ = {isa = PBXBuildFile; fileRef = BD6BFEC22EA926E300F24B73 /* ErrorModel.swift */; };
		BD81F9102C84C41B00B81077 /* MockURLProtocol.swift in Sources */ = {isa = PBXBuildFile; fileRef = BDB3E2092C3D3C76000DB0C9 /* MockURLProtocol.swift */; };
		BD81F9152C85ADC000B81077 /* mock_weather_detail.json in Resources */ = {isa = PBXBuildFile; fileRef = BD90103D2C5CA6CC00F7A700 /* mock_weather_detail.json */; };
		BD81F91E2C88BF1100B81077 /* DependencyContainer.swift in Sources */ = {isa = PBXBuildFile; fileRef = BD81F91D2C88BF1100B81077 /* DependencyContainer.swift */; };
		BD9A20492EA4B416003D67B8 /* ImageUploadUseCase.swift in Sources */ = {isa = PBXBuildFile; fileRef = BD9A20482EA4B416003D67B8 /* ImageUploadUseCase.swift */; };
		BD9FA0722C5F6A8500A15CD7 /* MockURLProtocol.swift in Sources */ = {isa = PBXBuildFile; fileRef = BD9FA0712C5F6A8500A15CD7 /* MockURLProtocol.swift */; };
		BD9FA0742C5F6CE000A15CD7 /* MockHttpClient.swift in Sources */ = {isa = PBXBuildFile; fileRef = BD9FA0732C5F6CE000A15CD7 /* MockHttpClient.swift */; };
		BDB3E2072C3C1772000DB0C9 /* Url.swift in Sources */ = {isa = PBXBuildFile; fileRef = BDB3E2062C3C1772000DB0C9 /* Url.swift */; };
		BDC11F2E2CC117C500A01088 /* LoginViewController.swift in Sources */ = {isa = PBXBuildFile; fileRef = BDC11F2D2CC117C500A01088 /* LoginViewController.swift */; };
		BDC11F302CC117D100A01088 /* LoginViewModel.swift in Sources */ = {isa = PBXBuildFile; fileRef = BDC11F2F2CC117D100A01088 /* LoginViewModel.swift */; };
		BDCF2D2F2CAC0C5C00A567ED /* ImagePicker.swift in Sources */ = {isa = PBXBuildFile; fileRef = BDCF2D2E2CAC0C5C00A567ED /* ImagePicker.swift */; };
		BDDCA68E2C5792B400750EB0 /* ApiClientTests.swift in Sources */ = {isa = PBXBuildFile; fileRef = BDDCA68D2C5792B400750EB0 /* ApiClientTests.swift */; };
		BDE5CCB22D1F075600D47330 /* CustomAlert.swift in Sources */ = {isa = PBXBuildFile; fileRef = BDE5CCB12D1F075500D47330 /* CustomAlert.swift */; };
		BDF21CE42B62266E00932F42 /* Rerquest.swift in Sources */ = {isa = PBXBuildFile; fileRef = BDF21CE32B62266E00932F42 /* Rerquest.swift */; };
		BDF3E9162CAC5A2000E2C32E /* UIKit.swift in Sources */ = {isa = PBXBuildFile; fileRef = BDF3E9152CAC5A1F00E2C32E /* UIKit.swift */; };
		BDF743ED2EAD12D000AAE739 /* ImageUploadUseCase2.swift in Sources */ = {isa = PBXBuildFile; fileRef = BDF743EC2EAD12D000AAE739 /* ImageUploadUseCase2.swift */; };
		BDF79D472C65DD96004FF5A8 /* mock_weather_data.json in Resources */ = {isa = PBXBuildFile; fileRef = BDF79D462C65DD96004FF5A8 /* mock_weather_data.json */; };
		BDF79D492C65DE06004FF5A8 /* JsonLoader.swift in Sources */ = {isa = PBXBuildFile; fileRef = BDF79D482C65DE06004FF5A8 /* JsonLoader.swift */; };
		BDF79D4B2C6609C6004FF5A8 /* Date.swift in Sources */ = {isa = PBXBuildFile; fileRef = BDF79D4A2C6609C6004FF5A8 /* Date.swift */; };
		BDF79D4D2C660DFE004FF5A8 /* Extension+String.swift in Sources */ = {isa = PBXBuildFile; fileRef = BDF79D4C2C660DFE004FF5A8 /* Extension+String.swift */; };
		BDFBFD982C4D150D0002AA76 /* WeatherDetailDTO.swift in Sources */ = {isa = PBXBuildFile; fileRef = BDFBFD972C4D150D0002AA76 /* WeatherDetailDTO.swift */; };
		BDFEFE122CB57B7A00F47842 /* Extension+UIImage.swift in Sources */ = {isa = PBXBuildFile; fileRef = BDFEFE112CB57B7A00F47842 /* Extension+UIImage.swift */; };
		BDFEFE142CB57CFE00F47842 /* Base64.swift in Sources */ = {isa = PBXBuildFile; fileRef = BDFEFE132CB57CFE00F47842 /* Base64.swift */; };
/* End PBXBuildFile section */

/* Begin PBXContainerItemProxy section */
		BD2171432B56B9D100F58C14 /* PBXContainerItemProxy */ = {
			isa = PBXContainerItemProxy;
			containerPortal = BD2171242B56B9C600F58C14 /* Project object */;
			proxyType = 1;
			remoteGlobalIDString = BD21712B2B56B9C600F58C14;
			remoteInfo = WeatherAPi;
		};
		BD21714D2B56B9D100F58C14 /* PBXContainerItemProxy */ = {
			isa = PBXContainerItemProxy;
			containerPortal = BD2171242B56B9C600F58C14 /* Project object */;
			proxyType = 1;
			remoteGlobalIDString = BD21712B2B56B9C600F58C14;
			remoteInfo = WeatherAPi;
		};
/* End PBXContainerItemProxy section */

/* Begin PBXFileReference section */
		BD00ADBC2C78564B0064415F /* LoginView.swift */ = {isa = PBXFileReference; lastKnownFileType = sourcecode.swift; path = LoginView.swift; sourceTree = "<group>"; };
		BD010BE62C99DA910060CCDF /* Multipart.swift */ = {isa = PBXFileReference; lastKnownFileType = sourcecode.swift; path = Multipart.swift; sourceTree = "<group>"; };
		BD010BE82C9B2F6B0060CCDF /* Staging.xcconfig */ = {isa = PBXFileReference; lastKnownFileType = text.xcconfig; path = Staging.xcconfig; sourceTree = "<group>"; };
		BD010BE92C9B2F800060CCDF /* Production.xcconfig */ = {isa = PBXFileReference; lastKnownFileType = text.xcconfig; path = Production.xcconfig; sourceTree = "<group>"; };
		BD077EDC2CEC7A5200253CF5 /* WeatherStation.swift */ = {isa = PBXFileReference; lastKnownFileType = sourcecode.swift; path = WeatherStation.swift; sourceTree = "<group>"; };
		BD079D802EB608130038AE5A /* TMDBEndpoint.swift */ = {isa = PBXFileReference; lastKnownFileType = sourcecode.swift; path = TMDBEndpoint.swift; sourceTree = "<group>"; };
		BD079D822EB64B180038AE5A /* TMDB.swift */ = {isa = PBXFileReference; lastKnownFileType = sourcecode.swift; path = TMDB.swift; sourceTree = "<group>"; };
		BD10F1482BCFADC700B79888 /* ImageView.swift */ = {isa = PBXFileReference; lastKnownFileType = sourcecode.swift; path = ImageView.swift; sourceTree = "<group>"; };
		BD10F14A2BD1079100B79888 /* AppConstants.swift */ = {isa = PBXFileReference; lastKnownFileType = sourcecode.swift; path = AppConstants.swift; sourceTree = "<group>"; };
		BD10F14C2BD5173600B79888 /* SearchBar.swift */ = {isa = PBXFileReference; lastKnownFileType = sourcecode.swift; path = SearchBar.swift; sourceTree = "<group>"; };
		BD1297642C6BC169007938F1 /* Background.swift */ = {isa = PBXFileReference; lastKnownFileType = sourcecode.swift; path = Background.swift; sourceTree = "<group>"; };
		BD1297662C6CF74D007938F1 /* Logger.swift */ = {isa = PBXFileReference; lastKnownFileType = sourcecode.swift; path = Logger.swift; sourceTree = "<group>"; };
		BD1297682C6E240A007938F1 /* MainViewModelTest.swift */ = {isa = PBXFileReference; lastKnownFileType = sourcecode.swift; path = MainViewModelTest.swift; sourceTree = "<group>"; };
		BD12976C2C6E2501007938F1 /* MockWeatherRepository.swift */ = {isa = PBXFileReference; lastKnownFileType = sourcecode.swift; path = MockWeatherRepository.swift; sourceTree = "<group>"; };
		BD16517C2C2BD82A00E7BDE1 /* ReachabilityManager.swift */ = {isa = PBXFileReference; lastKnownFileType = sourcecode.swift; path = ReachabilityManager.swift; sourceTree = "<group>"; };
		BD21712C2B56B9C600F58C14 /* WeatherAPi.app */ = {isa = PBXFileReference; explicitFileType = wrapper.application; includeInIndex = 0; path = WeatherAPi.app; sourceTree = BUILT_PRODUCTS_DIR; };
		BD21712F2B56B9C600F58C14 /* AppDelegate.swift */ = {isa = PBXFileReference; lastKnownFileType = sourcecode.swift; path = AppDelegate.swift; sourceTree = "<group>"; };
		BD2171312B56B9C600F58C14 /* SceneDelegate.swift */ = {isa = PBXFileReference; lastKnownFileType = sourcecode.swift; path = SceneDelegate.swift; sourceTree = "<group>"; };
		BD2171382B56B9D000F58C14 /* Assets.xcassets */ = {isa = PBXFileReference; lastKnownFileType = folder.assetcatalog; path = Assets.xcassets; sourceTree = "<group>"; };
		BD21713B2B56B9D000F58C14 /* Base */ = {isa = PBXFileReference; lastKnownFileType = file.storyboard; name = Base; path = Base.lproj/LaunchScreen.storyboard; sourceTree = "<group>"; };
		BD21713D2B56B9D000F58C14 /* Info.plist */ = {isa = PBXFileReference; lastKnownFileType = text.plist.xml; path = Info.plist; sourceTree = "<group>"; };
		BD2171422B56B9D100F58C14 /* WeatherAPiTests.xctest */ = {isa = PBXFileReference; explicitFileType = wrapper.cfbundle; includeInIndex = 0; path = WeatherAPiTests.xctest; sourceTree = BUILT_PRODUCTS_DIR; };
		BD2171462B56B9D100F58C14 /* WeatherAPiTests.swift */ = {isa = PBXFileReference; lastKnownFileType = sourcecode.swift; path = WeatherAPiTests.swift; sourceTree = "<group>"; };
		BD21714C2B56B9D100F58C14 /* WeatherAPiUITests.xctest */ = {isa = PBXFileReference; explicitFileType = wrapper.cfbundle; includeInIndex = 0; path = WeatherAPiUITests.xctest; sourceTree = BUILT_PRODUCTS_DIR; };
		BD2171502B56B9D100F58C14 /* WeatherAPiUITests.swift */ = {isa = PBXFileReference; lastKnownFileType = sourcecode.swift; path = WeatherAPiUITests.swift; sourceTree = "<group>"; };
		BD2171522B56B9D100F58C14 /* WeatherAPiUITestsLaunchTests.swift */ = {isa = PBXFileReference; lastKnownFileType = sourcecode.swift; path = WeatherAPiUITestsLaunchTests.swift; sourceTree = "<group>"; };
		BD2171642B56BD9700F58C14 /* MainViewController.swift */ = {isa = PBXFileReference; lastKnownFileType = sourcecode.swift; path = MainViewController.swift; sourceTree = "<group>"; };
		BD2171662B56BDAE00F58C14 /* MainViewModel.swift */ = {isa = PBXFileReference; lastKnownFileType = sourcecode.swift; path = MainViewModel.swift; sourceTree = "<group>"; };
		BD2171682B56BDF500F58C14 /* MainContentView.swift */ = {isa = PBXFileReference; lastKnownFileType = sourcecode.swift; path = MainContentView.swift; sourceTree = "<group>"; };
		BD21716A2B56BE2900F58C14 /* DetailViewController.swift */ = {isa = PBXFileReference; lastKnownFileType = sourcecode.swift; path = DetailViewController.swift; sourceTree = "<group>"; };
		BD21716C2B56BE3B00F58C14 /* DetailViewMoidel.swift */ = {isa = PBXFileReference; lastKnownFileType = sourcecode.swift; path = DetailViewMoidel.swift; sourceTree = "<group>"; };
		BD21716E2B56BE8500F58C14 /* DetailContentView.swift */ = {isa = PBXFileReference; lastKnownFileType = sourcecode.swift; path = DetailContentView.swift; sourceTree = "<group>"; };
		BD2171712B56BEEE00F58C14 /* WeatherModel.swift */ = {isa = PBXFileReference; lastKnownFileType = sourcecode.swift; path = WeatherModel.swift; sourceTree = "<group>"; };
		BD2171742B56C21A00F58C14 /* APIClient.swift */ = {isa = PBXFileReference; lastKnownFileType = sourcecode.swift; path = APIClient.swift; sourceTree = "<group>"; };
		BD2171762B56C22900F58C14 /* APIError.swift */ = {isa = PBXFileReference; lastKnownFileType = sourcecode.swift; path = APIError.swift; sourceTree = "<group>"; };
		BD2171792B56C25900F58C14 /* AppCoordinator.swift */ = {isa = PBXFileReference; lastKnownFileType = sourcecode.swift; path = AppCoordinator.swift; sourceTree = "<group>"; };
		BD21717C2B56C2E400F58C14 /* WeatherRepository.swift */ = {isa = PBXFileReference; lastKnownFileType = sourcecode.swift; path = WeatherRepository.swift; sourceTree = "<group>"; };
		BD21717E2B56C4CF00F58C14 /* NavigationController.swift */ = {isa = PBXFileReference; lastKnownFileType = sourcecode.swift; path = NavigationController.swift; sourceTree = "<group>"; };
		BD2171802B56C5E000F58C14 /* Endpoint.swift */ = {isa = PBXFileReference; lastKnownFileType = sourcecode.swift; path = Endpoint.swift; sourceTree = "<group>"; };
		BD2171832B56C60400F58C14 /* WeatherEndpoint.swift */ = {isa = PBXFileReference; lastKnownFileType = sourcecode.swift; path = WeatherEndpoint.swift; sourceTree = "<group>"; };
		BD4B56FE2C8B61680025814A /* ImagePickerController.swift */ = {isa = PBXFileReference; lastKnownFileType = sourcecode.swift; path = ImagePickerController.swift; sourceTree = "<group>"; };
		BD4B57002C8B618F0025814A /* MultipartRequest.swift */ = {isa = PBXFileReference; lastKnownFileType = sourcecode.swift; path = MultipartRequest.swift; sourceTree = "<group>"; };
		BD4B57022C8B6A5D0025814A /* MultipartRequest2.swift */ = {isa = PBXFileReference; lastKnownFileType = sourcecode.swift; path = MultipartRequest2.swift; sourceTree = "<group>"; };
		BD4B57052C90873E0025814A /* ImageUploadViewController.swift */ = {isa = PBXFileReference; lastKnownFileType = sourcecode.swift; path = ImageUploadViewController.swift; sourceTree = "<group>"; };
		BD4B57072C9087510025814A /* ImageUploadViewModel.swift */ = {isa = PBXFileReference; lastKnownFileType = sourcecode.swift; path = ImageUploadViewModel.swift; sourceTree = "<group>"; };
		BD4B57092C9087650025814A /* ImageUploadContentView.swift */ = {isa = PBXFileReference; lastKnownFileType = sourcecode.swift; path = ImageUploadContentView.swift; sourceTree = "<group>"; };
		BD4B570B2C908CC10025814A /* UploadModel.swift */ = {isa = PBXFileReference; lastKnownFileType = sourcecode.swift; path = UploadModel.swift; sourceTree = "<group>"; };
		BD4B570D2C908FC40025814A /* ImageUploadRepository.swift */ = {isa = PBXFileReference; lastKnownFileType = sourcecode.swift; path = ImageUploadRepository.swift; sourceTree = "<group>"; };
		BD4B57112C9097500025814A /* ImageUploadEndpoint.swift */ = {isa = PBXFileReference; lastKnownFileType = sourcecode.swift; path = ImageUploadEndpoint.swift; sourceTree = "<group>"; };
		BD5457D62D0D497F0097F865 /* FactoryPattern1.swift */ = {isa = PBXFileReference; lastKnownFileType = sourcecode.swift; path = FactoryPattern1.swift; sourceTree = "<group>"; };
		BD5457D82D0D4B7D0097F865 /* FactoryPattern2.swift */ = {isa = PBXFileReference; lastKnownFileType = sourcecode.swift; path = FactoryPattern2.swift; sourceTree = "<group>"; };
		BD5457DA2D0D4C450097F865 /* FactoryPattern3.swift */ = {isa = PBXFileReference; lastKnownFileType = sourcecode.swift; path = FactoryPattern3.swift; sourceTree = "<group>"; };
		BD5457DD2D0EF4000097F865 /* PropertyWrappers.swift */ = {isa = PBXFileReference; lastKnownFileType = sourcecode.swift; path = PropertyWrappers.swift; sourceTree = "<group>"; };
		BD5457DF2D119A270097F865 /* Inject.swift */ = {isa = PBXFileReference; lastKnownFileType = sourcecode.swift; path = Inject.swift; sourceTree = "<group>"; };
		BD69AB072C6F916F00DA4D2D /* Mockable.swift */ = {isa = PBXFileReference; lastKnownFileType = sourcecode.swift; path = Mockable.swift; sourceTree = "<group>"; };
		BD6BFEC22EA926E300F24B73 /* ErrorModel.swift */ = {isa = PBXFileReference; lastKnownFileType = sourcecode.swift; path = ErrorModel.swift; sourceTree = "<group>"; };
		BD81F91D2C88BF1100B81077 /* DependencyContainer.swift */ = {isa = PBXFileReference; lastKnownFileType = sourcecode.swift; path = DependencyContainer.swift; sourceTree = "<group>"; };
		BD90103D2C5CA6CC00F7A700 /* mock_weather_detail.json */ = {isa = PBXFileReference; fileEncoding = 4; lastKnownFileType = text.json; path = mock_weather_detail.json; sourceTree = "<group>"; };
		BD9A20482EA4B416003D67B8 /* ImageUploadUseCase.swift */ = {isa = PBXFileReference; lastKnownFileType = sourcecode.swift; path = ImageUploadUseCase.swift; sourceTree = "<group>"; };
		BD9FA0712C5F6A8500A15CD7 /* MockURLProtocol.swift */ = {isa = PBXFileReference; lastKnownFileType = sourcecode.swift; path = MockURLProtocol.swift; sourceTree = "<group>"; };
		BD9FA0732C5F6CE000A15CD7 /* MockHttpClient.swift */ = {isa = PBXFileReference; lastKnownFileType = sourcecode.swift; path = MockHttpClient.swift; sourceTree = "<group>"; };
		BDB3E2032C3C1689000DB0C9 /* Test.xcconfig */ = {isa = PBXFileReference; lastKnownFileType = text.xcconfig; path = Test.xcconfig; sourceTree = "<group>"; };
		BDB3E2062C3C1772000DB0C9 /* Url.swift */ = {isa = PBXFileReference; lastKnownFileType = sourcecode.swift; path = Url.swift; sourceTree = "<group>"; };
		BDB3E2092C3D3C76000DB0C9 /* MockURLProtocol.swift */ = {isa = PBXFileReference; lastKnownFileType = sourcecode.swift; path = MockURLProtocol.swift; sourceTree = "<group>"; };
		BDC11F2D2CC117C500A01088 /* LoginViewController.swift */ = {isa = PBXFileReference; lastKnownFileType = sourcecode.swift; path = LoginViewController.swift; sourceTree = "<group>"; };
		BDC11F2F2CC117D100A01088 /* LoginViewModel.swift */ = {isa = PBXFileReference; lastKnownFileType = sourcecode.swift; path = LoginViewModel.swift; sourceTree = "<group>"; };
		BDC92C432D5B56E400E8758B /* WeatherAPiRelease-Test.entitlements */ = {isa = PBXFileReference; lastKnownFileType = text.plist.entitlements; path = "WeatherAPiRelease-Test.entitlements"; sourceTree = "<group>"; };
		BDCF2D2E2CAC0C5C00A567ED /* ImagePicker.swift */ = {isa = PBXFileReference; lastKnownFileType = sourcecode.swift; path = ImagePicker.swift; sourceTree = "<group>"; };
		BDDCA68D2C5792B400750EB0 /* ApiClientTests.swift */ = {isa = PBXFileReference; lastKnownFileType = sourcecode.swift; path = ApiClientTests.swift; sourceTree = "<group>"; };
		BDE5CCB12D1F075500D47330 /* CustomAlert.swift */ = {isa = PBXFileReference; lastKnownFileType = sourcecode.swift; path = CustomAlert.swift; sourceTree = "<group>"; };
		BDF21CE32B62266E00932F42 /* Rerquest.swift */ = {isa = PBXFileReference; lastKnownFileType = sourcecode.swift; path = Rerquest.swift; sourceTree = "<group>"; };
		BDF3E9152CAC5A1F00E2C32E /* UIKit.swift */ = {isa = PBXFileReference; lastKnownFileType = sourcecode.swift; path = UIKit.swift; sourceTree = "<group>"; };
		BDF743EC2EAD12D000AAE739 /* ImageUploadUseCase2.swift */ = {isa = PBXFileReference; lastKnownFileType = sourcecode.swift; path = ImageUploadUseCase2.swift; sourceTree = "<group>"; };
		BDF79D462C65DD96004FF5A8 /* mock_weather_data.json */ = {isa = PBXFileReference; fileEncoding = 4; lastKnownFileType = text.json; path = mock_weather_data.json; sourceTree = "<group>"; };
		BDF79D482C65DE06004FF5A8 /* JsonLoader.swift */ = {isa = PBXFileReference; lastKnownFileType = sourcecode.swift; path = JsonLoader.swift; sourceTree = "<group>"; };
		BDF79D4A2C6609C6004FF5A8 /* Date.swift */ = {isa = PBXFileReference; lastKnownFileType = sourcecode.swift; path = Date.swift; sourceTree = "<group>"; };
		BDF79D4C2C660DFE004FF5A8 /* Extension+String.swift */ = {isa = PBXFileReference; lastKnownFileType = sourcecode.swift; path = "Extension+String.swift"; sourceTree = "<group>"; };
		BDFBFD972C4D150D0002AA76 /* WeatherDetailDTO.swift */ = {isa = PBXFileReference; lastKnownFileType = sourcecode.swift; path = WeatherDetailDTO.swift; sourceTree = "<group>"; };
		BDFEFE112CB57B7A00F47842 /* Extension+UIImage.swift */ = {isa = PBXFileReference; lastKnownFileType = sourcecode.swift; path = "Extension+UIImage.swift"; sourceTree = "<group>"; };
		BDFEFE132CB57CFE00F47842 /* Base64.swift */ = {isa = PBXFileReference; lastKnownFileType = sourcecode.swift; path = Base64.swift; sourceTree = "<group>"; };
/* End PBXFileReference section */

/* Begin PBXFrameworksBuildPhase section */
		BD2171292B56B9C600F58C14 /* Frameworks */ = {
			isa = PBXFrameworksBuildPhase;
			buildActionMask = 2147483647;
			files = (
			);
			runOnlyForDeploymentPostprocessing = 0;
		};
		BD21713F2B56B9D100F58C14 /* Frameworks */ = {
			isa = PBXFrameworksBuildPhase;
			buildActionMask = 2147483647;
			files = (
			);
			runOnlyForDeploymentPostprocessing = 0;
		};
		BD2171492B56B9D100F58C14 /* Frameworks */ = {
			isa = PBXFrameworksBuildPhase;
			buildActionMask = 2147483647;
			files = (
			);
			runOnlyForDeploymentPostprocessing = 0;
		};
/* End PBXFrameworksBuildPhase section */

/* Begin PBXGroup section */
		BD00ADBA2C7853F90064415F /* Utility */ = {
			isa = PBXGroup;
			children = (
				BD10F14A2BD1079100B79888 /* AppConstants.swift */,
				BDB3E2052C3C175A000DB0C9 /* Extensions */,
			);
			path = Utility;
			sourceTree = "<group>";
		};
		BD00ADBB2C7856220064415F /* Login */ = {
			isa = PBXGroup;
			children = (
				BDC11F2D2CC117C500A01088 /* LoginViewController.swift */,
				BDC11F2F2CC117D100A01088 /* LoginViewModel.swift */,
				BD00ADBC2C78564B0064415F /* LoginView.swift */,
			);
			path = Login;
			sourceTree = "<group>";
		};
		BD077EDB2CEC79F100253CF5 /* Observers */ = {
			isa = PBXGroup;
			children = (
				BD077EDC2CEC7A5200253CF5 /* WeatherStation.swift */,
			);
			path = Observers;
			sourceTree = "<group>";
		};
		BD10F1472BCFAD9A00B79888 /* Components */ = {
			isa = PBXGroup;
			children = (
				BD10F1482BCFADC700B79888 /* ImageView.swift */,
				BD10F14C2BD5173600B79888 /* SearchBar.swift */,
				BD1297642C6BC169007938F1 /* Background.swift */,
				BD4B56FE2C8B61680025814A /* ImagePickerController.swift */,
				BD4B57002C8B618F0025814A /* MultipartRequest.swift */,
				BD4B57022C8B6A5D0025814A /* MultipartRequest2.swift */,
				BD010BE62C99DA910060CCDF /* Multipart.swift */,
				BDCF2D2E2CAC0C5C00A567ED /* ImagePicker.swift */,
				BDFEFE132CB57CFE00F47842 /* Base64.swift */,
			);
			path = Components;
			sourceTree = "<group>";
		};
		BD2171232B56B9C600F58C14 = {
			isa = PBXGroup;
			children = (
				BD21712E2B56B9C600F58C14 /* WeatherAPi */,
				BD2171452B56B9D100F58C14 /* WeatherAPiTests */,
				BD21714F2B56B9D100F58C14 /* WeatherAPiUITests */,
				BD21712D2B56B9C600F58C14 /* Products */,
			);
			sourceTree = "<group>";
		};
		BD21712D2B56B9C600F58C14 /* Products */ = {
			isa = PBXGroup;
			children = (
				BD21712C2B56B9C600F58C14 /* WeatherAPi.app */,
				BD2171422B56B9D100F58C14 /* WeatherAPiTests.xctest */,
				BD21714C2B56B9D100F58C14 /* WeatherAPiUITests.xctest */,
			);
			name = Products;
			sourceTree = "<group>";
		};
		BD21712E2B56B9C600F58C14 /* WeatherAPi */ = {
			isa = PBXGroup;
			children = (
				BDC92C432D5B56E400E8758B /* WeatherAPiRelease-Test.entitlements */,
				BDE5CCB02D1F073400D47330 /* Alert */,
				BD21712F2B56B9C600F58C14 /* AppDelegate.swift */,
				BD2171312B56B9C600F58C14 /* SceneDelegate.swift */,
				BD21717E2B56C4CF00F58C14 /* NavigationController.swift */,
				BD81F91D2C88BF1100B81077 /* DependencyContainer.swift */,
				BD5457DF2D119A270097F865 /* Inject.swift */,
				BD21713D2B56B9D000F58C14 /* Info.plist */,
				BDB3E2042C3C16A2000DB0C9 /* Configurations */,
				BD077EDB2CEC79F100253CF5 /* Observers */,
				BDCCED252D06024200397540 /* Factories */,
				BD5457DC2D0EAD6D0097F865 /* PropertyWrapper */,
				BD81F91F2C88C03300B81077 /* Generated */,
				BD21715F2B56BC3800F58C14 /* Asssets */,
				BD00ADBA2C7853F90064415F /* Utility */,
				BDF79D402C65DC4B004FF5A8 /* DataSource */,
				BDB3E2082C3D3C56000DB0C9 /* Mock Data */,
				BD2171602B56BD1700F58C14 /* Data */,
				BD2171782B56C23900F58C14 /* Coordinator */,
				BD81F91B2C8854C600B81077 /* Presentation */,
			);
			path = WeatherAPi;
			sourceTree = "<group>";
		};
		BD2171452B56B9D100F58C14 /* WeatherAPiTests */ = {
			isa = PBXGroup;
			children = (
				BD2171462B56B9D100F58C14 /* WeatherAPiTests.swift */,
				BD81F9162C86506100B81077 /* MockData */,
				BD81F9182C86529000B81077 /* NetworkTest */,
				BD81F9192C8652DF00B81077 /* Network */,
				BD81F91A2C8652F700B81077 /* ViewModelTest */,
			);
			path = WeatherAPiTests;
			sourceTree = "<group>";
		};
		BD21714F2B56B9D100F58C14 /* WeatherAPiUITests */ = {
			isa = PBXGroup;
			children = (
				BD2171502B56B9D100F58C14 /* WeatherAPiUITests.swift */,
				BD2171522B56B9D100F58C14 /* WeatherAPiUITestsLaunchTests.swift */,
			);
			path = WeatherAPiUITests;
			sourceTree = "<group>";
		};
		BD21715F2B56BC3800F58C14 /* Asssets */ = {
			isa = PBXGroup;
			children = (
				BD2171382B56B9D000F58C14 /* Assets.xcassets */,
				BD21713A2B56B9D000F58C14 /* LaunchScreen.storyboard */,
			);
			path = Asssets;
			sourceTree = "<group>";
		};
		BD2171602B56BD1700F58C14 /* Data */ = {
			isa = PBXGroup;
			children = (
				BD2171702B56BE9800F58C14 /* Model */,
				BD2171732B56C20100F58C14 /* Network */,
				BD21717B2B56C2C600F58C14 /* Repositories */,
				BD74156A2EA35CF900DB89D6 /* UseCase */,
			);
			path = Data;
			sourceTree = "<group>";
		};
		BD2171612B56BD2700F58C14 /* Module */ = {
			isa = PBXGroup;
			children = (
				BD2171622B56BD6300F58C14 /* MainPage */,
				BD00ADBB2C7856220064415F /* Login */,
				BD4B57042C90871B0025814A /* ImageUpload */,
				BD2171632B56BD6E00F58C14 /* DetailPage */,
			);
			path = Module;
			sourceTree = "<group>";
		};
		BD2171622B56BD6300F58C14 /* MainPage */ = {
			isa = PBXGroup;
			children = (
				BD2171642B56BD9700F58C14 /* MainViewController.swift */,
				BD2171662B56BDAE00F58C14 /* MainViewModel.swift */,
				BD2171682B56BDF500F58C14 /* MainContentView.swift */,
			);
			path = MainPage;
			sourceTree = "<group>";
		};
		BD2171632B56BD6E00F58C14 /* DetailPage */ = {
			isa = PBXGroup;
			children = (
				BD21716A2B56BE2900F58C14 /* DetailViewController.swift */,
				BD21716C2B56BE3B00F58C14 /* DetailViewMoidel.swift */,
				BD21716E2B56BE8500F58C14 /* DetailContentView.swift */,
			);
			path = DetailPage;
			sourceTree = "<group>";
		};
		BD2171702B56BE9800F58C14 /* Model */ = {
			isa = PBXGroup;
			children = (
				BDFBFD962C4D14F30002AA76 /* DTO */,
				BD2171712B56BEEE00F58C14 /* WeatherModel.swift */,
				BD4B570B2C908CC10025814A /* UploadModel.swift */,
				BD6BFEC22EA926E300F24B73 /* ErrorModel.swift */,
				BD079D822EB64B180038AE5A /* TMDB.swift */,
			);
			path = Model;
			sourceTree = "<group>";
		};
		BD2171732B56C20100F58C14 /* Network */ = {
			isa = PBXGroup;
			children = (
				BD2171742B56C21A00F58C14 /* APIClient.swift */,
				BD2171762B56C22900F58C14 /* APIError.swift */,
				BD2171822B56C5E700F58C14 /* Endpoint */,
				BDF21CE32B62266E00932F42 /* Rerquest.swift */,
				BD16517C2C2BD82A00E7BDE1 /* ReachabilityManager.swift */,
			);
			path = Network;
			sourceTree = "<group>";
		};
		BD2171782B56C23900F58C14 /* Coordinator */ = {
			isa = PBXGroup;
			children = (
				BD2171792B56C25900F58C14 /* AppCoordinator.swift */,
			);
			path = Coordinator;
			sourceTree = "<group>";
		};
		BD21717B2B56C2C600F58C14 /* Repositories */ = {
			isa = PBXGroup;
			children = (
				BD21717C2B56C2E400F58C14 /* WeatherRepository.swift */,
				BD4B570D2C908FC40025814A /* ImageUploadRepository.swift */,
			);
			path = Repositories;
			sourceTree = "<group>";
		};
		BD2171822B56C5E700F58C14 /* Endpoint */ = {
			isa = PBXGroup;
			children = (
				BD2171802B56C5E000F58C14 /* Endpoint.swift */,
				BD2171832B56C60400F58C14 /* WeatherEndpoint.swift */,
				BD4B57112C9097500025814A /* ImageUploadEndpoint.swift */,
				BD079D802EB608130038AE5A /* TMDBEndpoint.swift */,
			);
			path = Endpoint;
			sourceTree = "<group>";
		};
		BD4B57042C90871B0025814A /* ImageUpload */ = {
			isa = PBXGroup;
			children = (
				BD4B57052C90873E0025814A /* ImageUploadViewController.swift */,
				BD4B57072C9087510025814A /* ImageUploadViewModel.swift */,
				BD4B57092C9087650025814A /* ImageUploadContentView.swift */,
			);
			path = ImageUpload;
			sourceTree = "<group>";
		};
		BD5457DC2D0EAD6D0097F865 /* PropertyWrapper */ = {
			isa = PBXGroup;
			children = (
				BD5457DD2D0EF4000097F865 /* PropertyWrappers.swift */,
			);
			path = PropertyWrapper;
			sourceTree = "<group>";
		};
		BD74156A2EA35CF900DB89D6 /* UseCase */ = {
			isa = PBXGroup;
			children = (
				BD9A20482EA4B416003D67B8 /* ImageUploadUseCase.swift */,
				BDF743EC2EAD12D000AAE739 /* ImageUploadUseCase2.swift */,
			);
			path = UseCase;
			sourceTree = "<group>";
		};
		BD81F9162C86506100B81077 /* MockData */ = {
			isa = PBXGroup;
			children = (
				BD69AB072C6F916F00DA4D2D /* Mockable.swift */,
				BD90103D2C5CA6CC00F7A700 /* mock_weather_detail.json */,
			);
			path = MockData;
			sourceTree = "<group>";
		};
		BD81F9182C86529000B81077 /* NetworkTest */ = {
			isa = PBXGroup;
			children = (
				BD9FA0712C5F6A8500A15CD7 /* MockURLProtocol.swift */,
				BDDCA68D2C5792B400750EB0 /* ApiClientTests.swift */,
			);
			path = NetworkTest;
			sourceTree = "<group>";
		};
		BD81F9192C8652DF00B81077 /* Network */ = {
			isa = PBXGroup;
			children = (
				BD9FA0732C5F6CE000A15CD7 /* MockHttpClient.swift */,
			);
			path = Network;
			sourceTree = "<group>";
		};
		BD81F91A2C8652F700B81077 /* ViewModelTest */ = {
			isa = PBXGroup;
			children = (
				BD1297682C6E240A007938F1 /* MainViewModelTest.swift */,
			);
			path = ViewModelTest;
			sourceTree = "<group>";
		};
		BD81F91B2C8854C600B81077 /* Presentation */ = {
			isa = PBXGroup;
			children = (
				BD2171612B56BD2700F58C14 /* Module */,
				BD10F1472BCFAD9A00B79888 /* Components */,
			);
			path = Presentation;
			sourceTree = "<group>";
		};
		BD81F91F2C88C03300B81077 /* Generated */ = {
			isa = PBXGroup;
			children = (
			);
			path = Generated;
			sourceTree = "<group>";
		};
		BDB3E2042C3C16A2000DB0C9 /* Configurations */ = {
			isa = PBXGroup;
			children = (
				BDB3E2032C3C1689000DB0C9 /* Test.xcconfig */,
				BD010BE82C9B2F6B0060CCDF /* Staging.xcconfig */,
				BD010BE92C9B2F800060CCDF /* Production.xcconfig */,
			);
			path = Configurations;
			sourceTree = "<group>";
		};
		BDB3E2052C3C175A000DB0C9 /* Extensions */ = {
			isa = PBXGroup;
			children = (
				BDB3E2062C3C1772000DB0C9 /* Url.swift */,
				BDF79D4A2C6609C6004FF5A8 /* Date.swift */,
				BDF79D4C2C660DFE004FF5A8 /* Extension+String.swift */,
				BD1297662C6CF74D007938F1 /* Logger.swift */,
				BDF3E9152CAC5A1F00E2C32E /* UIKit.swift */,
				BDFEFE112CB57B7A00F47842 /* Extension+UIImage.swift */,
			);
			path = Extensions;
			sourceTree = "<group>";
		};
		BDB3E2082C3D3C56000DB0C9 /* Mock Data */ = {
			isa = PBXGroup;
			children = (
				BDB3E2092C3D3C76000DB0C9 /* MockURLProtocol.swift */,
				BD12976C2C6E2501007938F1 /* MockWeatherRepository.swift */,
			);
			path = "Mock Data";
			sourceTree = "<group>";
		};
		BDCCED252D06024200397540 /* Factories */ = {
			isa = PBXGroup;
			children = (
				BD5457D62D0D497F0097F865 /* FactoryPattern1.swift */,
				BD5457D82D0D4B7D0097F865 /* FactoryPattern2.swift */,
				BD5457DA2D0D4C450097F865 /* FactoryPattern3.swift */,
			);
			path = Factories;
			sourceTree = "<group>";
		};
		BDE5CCB02D1F073400D47330 /* Alert */ = {
			isa = PBXGroup;
			children = (
				BDE5CCB12D1F075500D47330 /* CustomAlert.swift */,
			);
			path = Alert;
			sourceTree = "<group>";
		};
		BDF79D402C65DC4B004FF5A8 /* DataSource */ = {
			isa = PBXGroup;
			children = (
				BDF79D462C65DD96004FF5A8 /* mock_weather_data.json */,
				BDF79D482C65DE06004FF5A8 /* JsonLoader.swift */,
			);
			path = DataSource;
			sourceTree = "<group>";
		};
		BDFBFD962C4D14F30002AA76 /* DTO */ = {
			isa = PBXGroup;
			children = (
				BDFBFD972C4D150D0002AA76 /* WeatherDetailDTO.swift */,
			);
			path = DTO;
			sourceTree = "<group>";
		};
/* End PBXGroup section */

/* Begin PBXNativeTarget section */
		BD21712B2B56B9C600F58C14 /* WeatherAPi */ = {
			isa = PBXNativeTarget;
			buildConfigurationList = BD2171562B56B9D100F58C14 /* Build configuration list for PBXNativeTarget "WeatherAPi" */;
			buildPhases = (
				BD2171282B56B9C600F58C14 /* Sources */,
				BD2171292B56B9C600F58C14 /* Frameworks */,
				BD21712A2B56B9C600F58C14 /* Resources */,
			);
			buildRules = (
			);
			dependencies = (
			);
			name = WeatherAPi;
			productName = WeatherAPi;
			productReference = BD21712C2B56B9C600F58C14 /* WeatherAPi.app */;
			productType = "com.apple.product-type.application";
		};
		BD2171412B56B9D100F58C14 /* WeatherAPiTests */ = {
			isa = PBXNativeTarget;
			buildConfigurationList = BD2171592B56B9D100F58C14 /* Build configuration list for PBXNativeTarget "WeatherAPiTests" */;
			buildPhases = (
				BD21713E2B56B9D100F58C14 /* Sources */,
				BD21713F2B56B9D100F58C14 /* Frameworks */,
				BD2171402B56B9D100F58C14 /* Resources */,
			);
			buildRules = (
			);
			dependencies = (
				BD2171442B56B9D100F58C14 /* PBXTargetDependency */,
			);
			name = WeatherAPiTests;
			productName = WeatherAPiTests;
			productReference = BD2171422B56B9D100F58C14 /* WeatherAPiTests.xctest */;
			productType = "com.apple.product-type.bundle.unit-test";
		};
		BD21714B2B56B9D100F58C14 /* WeatherAPiUITests */ = {
			isa = PBXNativeTarget;
			buildConfigurationList = BD21715C2B56B9D100F58C14 /* Build configuration list for PBXNativeTarget "WeatherAPiUITests" */;
			buildPhases = (
				BD2171482B56B9D100F58C14 /* Sources */,
				BD2171492B56B9D100F58C14 /* Frameworks */,
				BD21714A2B56B9D100F58C14 /* Resources */,
			);
			buildRules = (
			);
			dependencies = (
				BD21714E2B56B9D100F58C14 /* PBXTargetDependency */,
			);
			name = WeatherAPiUITests;
			productName = WeatherAPiUITests;
			productReference = BD21714C2B56B9D100F58C14 /* WeatherAPiUITests.xctest */;
			productType = "com.apple.product-type.bundle.ui-testing";
		};
/* End PBXNativeTarget section */

/* Begin PBXProject section */
		BD2171242B56B9C600F58C14 /* Project object */ = {
			isa = PBXProject;
			attributes = {
				BuildIndependentTargetsInParallel = 1;
				LastSwiftUpdateCheck = 1500;
				LastUpgradeCheck = 1500;
				TargetAttributes = {
					BD21712B2B56B9C600F58C14 = {
						CreatedOnToolsVersion = 15.0.1;
					};
					BD2171412B56B9D100F58C14 = {
						CreatedOnToolsVersion = 15.0.1;
						TestTargetID = BD21712B2B56B9C600F58C14;
					};
					BD21714B2B56B9D100F58C14 = {
						CreatedOnToolsVersion = 15.0.1;
						TestTargetID = BD21712B2B56B9C600F58C14;
					};
				};
			};
			buildConfigurationList = BD2171272B56B9C600F58C14 /* Build configuration list for PBXProject "WeatherAPi" */;
			compatibilityVersion = "Xcode 14.0";
			developmentRegion = en;
			hasScannedForEncodings = 0;
			knownRegions = (
				en,
				Base,
			);
			mainGroup = BD2171232B56B9C600F58C14;
			productRefGroup = BD21712D2B56B9C600F58C14 /* Products */;
			projectDirPath = "";
			projectRoot = "";
			targets = (
				BD21712B2B56B9C600F58C14 /* WeatherAPi */,
				BD2171412B56B9D100F58C14 /* WeatherAPiTests */,
				BD21714B2B56B9D100F58C14 /* WeatherAPiUITests */,
			);
		};
/* End PBXProject section */

/* Begin PBXResourcesBuildPhase section */
		BD21712A2B56B9C600F58C14 /* Resources */ = {
			isa = PBXResourcesBuildPhase;
			buildActionMask = 2147483647;
			files = (
				BD21713C2B56B9D000F58C14 /* LaunchScreen.storyboard in Resources */,
				BDF79D472C65DD96004FF5A8 /* mock_weather_data.json in Resources */,
				BD2171392B56B9D000F58C14 /* Assets.xcassets in Resources */,
			);
			runOnlyForDeploymentPostprocessing = 0;
		};
		BD2171402B56B9D100F58C14 /* Resources */ = {
			isa = PBXResourcesBuildPhase;
			buildActionMask = 2147483647;
			files = (
				BD81F9152C85ADC000B81077 /* mock_weather_detail.json in Resources */,
			);
			runOnlyForDeploymentPostprocessing = 0;
		};
		BD21714A2B56B9D100F58C14 /* Resources */ = {
			isa = PBXResourcesBuildPhase;
			buildActionMask = 2147483647;
			files = (
			);
			runOnlyForDeploymentPostprocessing = 0;
		};
/* End PBXResourcesBuildPhase section */

/* Begin PBXSourcesBuildPhase section */
		BD2171282B56B9C600F58C14 /* Sources */ = {
			isa = PBXSourcesBuildPhase;
			buildActionMask = 2147483647;
			files = (
				BD12976D2C6E2501007938F1 /* MockWeatherRepository.swift in Sources */,
				BD10F14B2BD1079200B79888 /* AppConstants.swift in Sources */,
				BDF79D492C65DE06004FF5A8 /* JsonLoader.swift in Sources */,
				BD21717A2B56C25900F58C14 /* AppCoordinator.swift in Sources */,
				BD2171842B56C60400F58C14 /* WeatherEndpoint.swift in Sources */,
				BD2171672B56BDAE00F58C14 /* MainViewModel.swift in Sources */,
				BDFEFE122CB57B7A00F47842 /* Extension+UIImage.swift in Sources */,
				BD2171722B56BEEE00F58C14 /* WeatherModel.swift in Sources */,
				BDF21CE42B62266E00932F42 /* Rerquest.swift in Sources */,
				BD2171752B56C21A00F58C14 /* APIClient.swift in Sources */,
				BD9A20492EA4B416003D67B8 /* ImageUploadUseCase.swift in Sources */,
				BD079D812EB608130038AE5A /* TMDBEndpoint.swift in Sources */,
				BD4B57062C90873E0025814A /* ImageUploadViewController.swift in Sources */,
				BD10F1492BCFADC700B79888 /* ImageView.swift in Sources */,
				BD2171812B56C5E000F58C14 /* Endpoint.swift in Sources */,
				BDB3E2072C3C1772000DB0C9 /* Url.swift in Sources */,
				BD077EDD2CEC7A5200253CF5 /* WeatherStation.swift in Sources */,
				BD4B57012C8B618F0025814A /* MultipartRequest.swift in Sources */,
				BD4B57082C9087510025814A /* ImageUploadViewModel.swift in Sources */,
				BD21716D2B56BE3B00F58C14 /* DetailViewMoidel.swift in Sources */,
				BD21717F2B56C4CF00F58C14 /* NavigationController.swift in Sources */,
				BD4B570C2C908CC10025814A /* UploadModel.swift in Sources */,
				BD5457E02D119A270097F865 /* Inject.swift in Sources */,
				BD2171302B56B9C600F58C14 /* AppDelegate.swift in Sources */,
				BD5457DB2D0D4C450097F865 /* FactoryPattern3.swift in Sources */,
				BD5457D72D0D497F0097F865 /* FactoryPattern1.swift in Sources */,
				BDC11F302CC117D100A01088 /* LoginViewModel.swift in Sources */,
				BD4B56FF2C8B61680025814A /* ImagePickerController.swift in Sources */,
				BD2171322B56B9C600F58C14 /* SceneDelegate.swift in Sources */,
				BD21716F2B56BE8500F58C14 /* DetailContentView.swift in Sources */,
				BD2171772B56C22900F58C14 /* APIError.swift in Sources */,
				BD2171652B56BD9700F58C14 /* MainViewController.swift in Sources */,
				BD4B570A2C9087650025814A /* ImageUploadContentView.swift in Sources */,
				BDF743ED2EAD12D000AAE739 /* ImageUploadUseCase2.swift in Sources */,
				BDF79D4D2C660DFE004FF5A8 /* Extension+String.swift in Sources */,
				BD5457D92D0D4B7D0097F865 /* FactoryPattern2.swift in Sources */,
				BD16517D2C2BD82A00E7BDE1 /* ReachabilityManager.swift in Sources */,
				BD1297652C6BC169007938F1 /* Background.swift in Sources */,
				BD81F91E2C88BF1100B81077 /* DependencyContainer.swift in Sources */,
				BD2171692B56BDF500F58C14 /* MainContentView.swift in Sources */,
				BDCF2D2F2CAC0C5C00A567ED /* ImagePicker.swift in Sources */,
				BD6BFEC32EA926E300F24B73 /* ErrorModel.swift in Sources */,
				BDFEFE142CB57CFE00F47842 /* Base64.swift in Sources */,
				BD010BE72C99DA910060CCDF /* Multipart.swift in Sources */,
				BD4B570E2C908FC40025814A /* ImageUploadRepository.swift in Sources */,
				BDFBFD982C4D150D0002AA76 /* WeatherDetailDTO.swift in Sources */,
				BD4B57032C8B6A5D0025814A /* MultipartRequest2.swift in Sources */,
				BD10F14D2BD5173600B79888 /* SearchBar.swift in Sources */,
				BDE5CCB22D1F075600D47330 /* CustomAlert.swift in Sources */,
				BD21717D2B56C2E400F58C14 /* WeatherRepository.swift in Sources */,
				BD1297672C6CF74E007938F1 /* Logger.swift in Sources */,
				BDC11F2E2CC117C500A01088 /* LoginViewController.swift in Sources */,
				BD079D832EB64B180038AE5A /* TMDB.swift in Sources */,
				BD5457DE2D0EF4000097F865 /* PropertyWrappers.swift in Sources */,
				BD21716B2B56BE2900F58C14 /* DetailViewController.swift in Sources */,
				BDF3E9162CAC5A2000E2C32E /* UIKit.swift in Sources */,
				BDF79D4B2C6609C6004FF5A8 /* Date.swift in Sources */,
				BD00ADBD2C78564B0064415F /* LoginView.swift in Sources */,
				BD81F9102C84C41B00B81077 /* MockURLProtocol.swift in Sources */,
				BD4B57122C9097500025814A /* ImageUploadEndpoint.swift in Sources */,
			);
			runOnlyForDeploymentPostprocessing = 0;
		};
		BD21713E2B56B9D100F58C14 /* Sources */ = {
			isa = PBXSourcesBuildPhase;
			buildActionMask = 2147483647;
			files = (
				BD9FA0742C5F6CE000A15CD7 /* MockHttpClient.swift in Sources */,
				BD69AB082C6F916F00DA4D2D /* Mockable.swift in Sources */,
				BD1297692C6E240A007938F1 /* MainViewModelTest.swift in Sources */,
				BD9FA0722C5F6A8500A15CD7 /* MockURLProtocol.swift in Sources */,
				BD2171472B56B9D100F58C14 /* WeatherAPiTests.swift in Sources */,
				BDDCA68E2C5792B400750EB0 /* ApiClientTests.swift in Sources */,
			);
			runOnlyForDeploymentPostprocessing = 0;
		};
		BD2171482B56B9D100F58C14 /* Sources */ = {
			isa = PBXSourcesBuildPhase;
			buildActionMask = 2147483647;
			files = (
				BD2171532B56B9D100F58C14 /* WeatherAPiUITestsLaunchTests.swift in Sources */,
				BD2171512B56B9D100F58C14 /* WeatherAPiUITests.swift in Sources */,
			);
			runOnlyForDeploymentPostprocessing = 0;
		};
/* End PBXSourcesBuildPhase section */

/* Begin PBXTargetDependency section */
		BD2171442B56B9D100F58C14 /* PBXTargetDependency */ = {
			isa = PBXTargetDependency;
			target = BD21712B2B56B9C600F58C14 /* WeatherAPi */;
			targetProxy = BD2171432B56B9D100F58C14 /* PBXContainerItemProxy */;
		};
		BD21714E2B56B9D100F58C14 /* PBXTargetDependency */ = {
			isa = PBXTargetDependency;
			target = BD21712B2B56B9C600F58C14 /* WeatherAPi */;
			targetProxy = BD21714D2B56B9D100F58C14 /* PBXContainerItemProxy */;
		};
/* End PBXTargetDependency section */

/* Begin PBXVariantGroup section */
		BD21713A2B56B9D000F58C14 /* LaunchScreen.storyboard */ = {
			isa = PBXVariantGroup;
			children = (
				BD21713B2B56B9D000F58C14 /* Base */,
			);
			name = LaunchScreen.storyboard;
			sourceTree = "<group>";
		};
/* End PBXVariantGroup section */

/* Begin XCBuildConfiguration section */
		BD010BEA2C9B31110060CCDF /* Debug-Test */ = {
			isa = XCBuildConfiguration;
			baseConfigurationReference = BDB3E2032C3C1689000DB0C9 /* Test.xcconfig */;
			buildSettings = {
				ALWAYS_SEARCH_USER_PATHS = NO;
				ASSETCATALOG_COMPILER_GENERATE_SWIFT_ASSET_SYMBOL_EXTENSIONS = YES;
				CLANG_ANALYZER_NONNULL = YES;
				CLANG_ANALYZER_NUMBER_OBJECT_CONVERSION = YES_AGGRESSIVE;
				CLANG_CXX_LANGUAGE_STANDARD = "gnu++20";
				CLANG_ENABLE_MODULES = YES;
				CLANG_ENABLE_OBJC_ARC = YES;
				CLANG_ENABLE_OBJC_WEAK = YES;
				CLANG_WARN_BLOCK_CAPTURE_AUTORELEASING = YES;
				CLANG_WARN_BOOL_CONVERSION = YES;
				CLANG_WARN_COMMA = YES;
				CLANG_WARN_CONSTANT_CONVERSION = YES;
				CLANG_WARN_DEPRECATED_OBJC_IMPLEMENTATIONS = YES;
				CLANG_WARN_DIRECT_OBJC_ISA_USAGE = YES_ERROR;
				CLANG_WARN_DOCUMENTATION_COMMENTS = YES;
				CLANG_WARN_EMPTY_BODY = YES;
				CLANG_WARN_ENUM_CONVERSION = YES;
				CLANG_WARN_INFINITE_RECURSION = YES;
				CLANG_WARN_INT_CONVERSION = YES;
				CLANG_WARN_NON_LITERAL_NULL_CONVERSION = YES;
				CLANG_WARN_OBJC_IMPLICIT_RETAIN_SELF = YES;
				CLANG_WARN_OBJC_LITERAL_CONVERSION = YES;
				CLANG_WARN_OBJC_ROOT_CLASS = YES_ERROR;
				CLANG_WARN_QUOTED_INCLUDE_IN_FRAMEWORK_HEADER = YES;
				CLANG_WARN_RANGE_LOOP_ANALYSIS = YES;
				CLANG_WARN_STRICT_PROTOTYPES = YES;
				CLANG_WARN_SUSPICIOUS_MOVE = YES;
				CLANG_WARN_UNGUARDED_AVAILABILITY = YES_AGGRESSIVE;
				CLANG_WARN_UNREACHABLE_CODE = YES;
				CLANG_WARN__DUPLICATE_METHOD_MATCH = YES;
				COPY_PHASE_STRIP = NO;
				DEBUG_INFORMATION_FORMAT = dwarf;
				ENABLE_STRICT_OBJC_MSGSEND = YES;
				ENABLE_TESTABILITY = YES;
				ENABLE_USER_SCRIPT_SANDBOXING = YES;
				GCC_C_LANGUAGE_STANDARD = gnu17;
				GCC_DYNAMIC_NO_PIC = NO;
				GCC_NO_COMMON_BLOCKS = YES;
				GCC_OPTIMIZATION_LEVEL = 0;
				GCC_PREPROCESSOR_DEFINITIONS = (
					"DEBUG=1",
					"$(inherited)",
				);
				GCC_WARN_64_TO_32_BIT_CONVERSION = YES;
				GCC_WARN_ABOUT_RETURN_TYPE = YES_ERROR;
				GCC_WARN_UNDECLARED_SELECTOR = YES;
				GCC_WARN_UNINITIALIZED_AUTOS = YES_AGGRESSIVE;
				GCC_WARN_UNUSED_FUNCTION = YES;
				GCC_WARN_UNUSED_VARIABLE = YES;
				IPHONEOS_DEPLOYMENT_TARGET = 14.0;
				LOCALIZATION_PREFERS_STRING_CATALOGS = YES;
				MTL_ENABLE_DEBUG_INFO = INCLUDE_SOURCE;
				MTL_FAST_MATH = YES;
				ONLY_ACTIVE_ARCH = YES;
				OTHER_SWIFT_FLAGS = "-D TEST";
				SDKROOT = iphoneos;
				SWIFT_ACTIVE_COMPILATION_CONDITIONS = "DEBUG $(inherited)";
				SWIFT_OPTIMIZATION_LEVEL = "-Onone";
			};
			name = "Debug-Test";
		};
		BD010BEB2C9B31110060CCDF /* Debug-Test */ = {
			isa = XCBuildConfiguration;
			buildSettings = {
				ASSETCATALOG_COMPILER_APPICON_NAME = AppIcon;
				ASSETCATALOG_COMPILER_GLOBAL_ACCENT_COLOR_NAME = AccentColor;
				CODE_SIGN_STYLE = Automatic;
				CURRENT_PROJECT_VERSION = 1;
				DEVELOPMENT_TEAM = VDTSFZ79Z9;
				GENERATE_INFOPLIST_FILE = YES;
				INFOPLIST_FILE = WeatherAPi/Info.plist;
				INFOPLIST_KEY_UIApplicationSupportsIndirectInputEvents = YES;
				INFOPLIST_KEY_UILaunchStoryboardName = LaunchScreen;
				INFOPLIST_KEY_UISupportedInterfaceOrientations_iPad = "UIInterfaceOrientationPortrait UIInterfaceOrientationPortraitUpsideDown UIInterfaceOrientationLandscapeLeft UIInterfaceOrientationLandscapeRight";
				INFOPLIST_KEY_UISupportedInterfaceOrientations_iPhone = "UIInterfaceOrientationPortrait UIInterfaceOrientationLandscapeLeft UIInterfaceOrientationLandscapeRight";
				IPHONEOS_DEPLOYMENT_TARGET = 15.0;
				LD_RUNPATH_SEARCH_PATHS = (
					"$(inherited)",
					"@executable_path/Frameworks",
				);
				MARKETING_VERSION = 1.0;
				PRODUCT_BUNDLE_IDENTIFIER = Capital.WeatherAPi;
				PRODUCT_NAME = "$(TARGET_NAME)";
				SWIFT_EMIT_LOC_STRINGS = YES;
				SWIFT_VERSION = 5.0;
				TARGETED_DEVICE_FAMILY = "1,2";
			};
			name = "Debug-Test";
		};
		BD010BEC2C9B31110060CCDF /* Debug-Test */ = {
			isa = XCBuildConfiguration;
			buildSettings = {
				ALWAYS_EMBED_SWIFT_STANDARD_LIBRARIES = YES;
				BUNDLE_LOADER = "$(TEST_HOST)";
				CODE_SIGN_STYLE = Automatic;
				CURRENT_PROJECT_VERSION = 1;
				DEVELOPMENT_TEAM = VDTSFZ79Z9;
				GENERATE_INFOPLIST_FILE = YES;
				IPHONEOS_DEPLOYMENT_TARGET = 14.0;
				MARKETING_VERSION = 1.0;
				PRODUCT_BUNDLE_IDENTIFIER = Capital.WeatherAPiTests;
				PRODUCT_NAME = "$(TARGET_NAME)";
				SWIFT_EMIT_LOC_STRINGS = NO;
				SWIFT_VERSION = 5.0;
				TARGETED_DEVICE_FAMILY = "1,2";
				TEST_HOST = "$(BUILT_PRODUCTS_DIR)/WeatherAPi.app/$(BUNDLE_EXECUTABLE_FOLDER_PATH)/WeatherAPi";
			};
			name = "Debug-Test";
		};
		BD010BED2C9B31110060CCDF /* Debug-Test */ = {
			isa = XCBuildConfiguration;
			buildSettings = {
				ALWAYS_EMBED_SWIFT_STANDARD_LIBRARIES = YES;
				CODE_SIGN_STYLE = Automatic;
				CURRENT_PROJECT_VERSION = 1;
				DEVELOPMENT_TEAM = VDTSFZ79Z9;
				GENERATE_INFOPLIST_FILE = YES;
				MARKETING_VERSION = 1.0;
				PRODUCT_BUNDLE_IDENTIFIER = Capital.WeatherAPiUITests;
				PRODUCT_NAME = "$(TARGET_NAME)";
				SWIFT_EMIT_LOC_STRINGS = NO;
				SWIFT_VERSION = 5.0;
				TARGETED_DEVICE_FAMILY = "1,2";
				TEST_TARGET_NAME = WeatherAPi;
			};
			name = "Debug-Test";
		};
		BD010BEE2C9B31620060CCDF /* Debug-Staging */ = {
			isa = XCBuildConfiguration;
			baseConfigurationReference = BD010BE82C9B2F6B0060CCDF /* Staging.xcconfig */;
			buildSettings = {
				ALWAYS_SEARCH_USER_PATHS = NO;
				ASSETCATALOG_COMPILER_GENERATE_SWIFT_ASSET_SYMBOL_EXTENSIONS = YES;
				CLANG_ANALYZER_NONNULL = YES;
				CLANG_ANALYZER_NUMBER_OBJECT_CONVERSION = YES_AGGRESSIVE;
				CLANG_CXX_LANGUAGE_STANDARD = "gnu++20";
				CLANG_ENABLE_MODULES = YES;
				CLANG_ENABLE_OBJC_ARC = YES;
				CLANG_ENABLE_OBJC_WEAK = YES;
				CLANG_WARN_BLOCK_CAPTURE_AUTORELEASING = YES;
				CLANG_WARN_BOOL_CONVERSION = YES;
				CLANG_WARN_COMMA = YES;
				CLANG_WARN_CONSTANT_CONVERSION = YES;
				CLANG_WARN_DEPRECATED_OBJC_IMPLEMENTATIONS = YES;
				CLANG_WARN_DIRECT_OBJC_ISA_USAGE = YES_ERROR;
				CLANG_WARN_DOCUMENTATION_COMMENTS = YES;
				CLANG_WARN_EMPTY_BODY = YES;
				CLANG_WARN_ENUM_CONVERSION = YES;
				CLANG_WARN_INFINITE_RECURSION = YES;
				CLANG_WARN_INT_CONVERSION = YES;
				CLANG_WARN_NON_LITERAL_NULL_CONVERSION = YES;
				CLANG_WARN_OBJC_IMPLICIT_RETAIN_SELF = YES;
				CLANG_WARN_OBJC_LITERAL_CONVERSION = YES;
				CLANG_WARN_OBJC_ROOT_CLASS = YES_ERROR;
				CLANG_WARN_QUOTED_INCLUDE_IN_FRAMEWORK_HEADER = YES;
				CLANG_WARN_RANGE_LOOP_ANALYSIS = YES;
				CLANG_WARN_STRICT_PROTOTYPES = YES;
				CLANG_WARN_SUSPICIOUS_MOVE = YES;
				CLANG_WARN_UNGUARDED_AVAILABILITY = YES_AGGRESSIVE;
				CLANG_WARN_UNREACHABLE_CODE = YES;
				CLANG_WARN__DUPLICATE_METHOD_MATCH = YES;
				COPY_PHASE_STRIP = NO;
				DEBUG_INFORMATION_FORMAT = dwarf;
				ENABLE_STRICT_OBJC_MSGSEND = YES;
				ENABLE_TESTABILITY = YES;
				ENABLE_USER_SCRIPT_SANDBOXING = YES;
				GCC_C_LANGUAGE_STANDARD = gnu17;
				GCC_DYNAMIC_NO_PIC = NO;
				GCC_NO_COMMON_BLOCKS = YES;
				GCC_OPTIMIZATION_LEVEL = 0;
				GCC_PREPROCESSOR_DEFINITIONS = (
					"DEBUG=1",
					"$(inherited)",
				);
				GCC_WARN_64_TO_32_BIT_CONVERSION = YES;
				GCC_WARN_ABOUT_RETURN_TYPE = YES_ERROR;
				GCC_WARN_UNDECLARED_SELECTOR = YES;
				GCC_WARN_UNINITIALIZED_AUTOS = YES_AGGRESSIVE;
				GCC_WARN_UNUSED_FUNCTION = YES;
				GCC_WARN_UNUSED_VARIABLE = YES;
				IPHONEOS_DEPLOYMENT_TARGET = 14.0;
				LOCALIZATION_PREFERS_STRING_CATALOGS = YES;
				MTL_ENABLE_DEBUG_INFO = INCLUDE_SOURCE;
				MTL_FAST_MATH = YES;
				ONLY_ACTIVE_ARCH = YES;
				OTHER_SWIFT_FLAGS = "-D STAGING";
				SDKROOT = iphoneos;
				SWIFT_ACTIVE_COMPILATION_CONDITIONS = "DEBUG $(inherited)";
				SWIFT_OPTIMIZATION_LEVEL = "-Onone";
			};
			name = "Debug-Staging";
		};
		BD010BEF2C9B31620060CCDF /* Debug-Staging */ = {
			isa = XCBuildConfiguration;
			buildSettings = {
				ASSETCATALOG_COMPILER_APPICON_NAME = AppIcon;
				ASSETCATALOG_COMPILER_GLOBAL_ACCENT_COLOR_NAME = AccentColor;
				CODE_SIGN_STYLE = Automatic;
				CURRENT_PROJECT_VERSION = 1;
				DEVELOPMENT_TEAM = VDTSFZ79Z9;
				GENERATE_INFOPLIST_FILE = YES;
				INFOPLIST_FILE = WeatherAPi/Info.plist;
				INFOPLIST_KEY_UIApplicationSupportsIndirectInputEvents = YES;
				INFOPLIST_KEY_UILaunchStoryboardName = LaunchScreen;
				INFOPLIST_KEY_UISupportedInterfaceOrientations_iPad = "UIInterfaceOrientationPortrait UIInterfaceOrientationPortraitUpsideDown UIInterfaceOrientationLandscapeLeft UIInterfaceOrientationLandscapeRight";
				INFOPLIST_KEY_UISupportedInterfaceOrientations_iPhone = "UIInterfaceOrientationPortrait UIInterfaceOrientationLandscapeLeft UIInterfaceOrientationLandscapeRight";
				IPHONEOS_DEPLOYMENT_TARGET = 15.0;
				LD_RUNPATH_SEARCH_PATHS = (
					"$(inherited)",
					"@executable_path/Frameworks",
				);
				MARKETING_VERSION = 1.0;
				PRODUCT_BUNDLE_IDENTIFIER = Capital.WeatherAPi;
				PRODUCT_NAME = "$(TARGET_NAME)";
				SWIFT_EMIT_LOC_STRINGS = YES;
				SWIFT_VERSION = 5.0;
				TARGETED_DEVICE_FAMILY = "1,2";
			};
			name = "Debug-Staging";
		};
		BD010BF02C9B31620060CCDF /* Debug-Staging */ = {
			isa = XCBuildConfiguration;
			buildSettings = {
				ALWAYS_EMBED_SWIFT_STANDARD_LIBRARIES = YES;
				BUNDLE_LOADER = "$(TEST_HOST)";
				CODE_SIGN_STYLE = Automatic;
				CURRENT_PROJECT_VERSION = 1;
				DEVELOPMENT_TEAM = VDTSFZ79Z9;
				GENERATE_INFOPLIST_FILE = YES;
				IPHONEOS_DEPLOYMENT_TARGET = 14.0;
				MARKETING_VERSION = 1.0;
				PRODUCT_BUNDLE_IDENTIFIER = Capital.WeatherAPiTests;
				PRODUCT_NAME = "$(TARGET_NAME)";
				SWIFT_EMIT_LOC_STRINGS = NO;
				SWIFT_VERSION = 5.0;
				TARGETED_DEVICE_FAMILY = "1,2";
				TEST_HOST = "$(BUILT_PRODUCTS_DIR)/WeatherAPi.app/$(BUNDLE_EXECUTABLE_FOLDER_PATH)/WeatherAPi";
			};
			name = "Debug-Staging";
		};
		BD010BF12C9B31620060CCDF /* Debug-Staging */ = {
			isa = XCBuildConfiguration;
			buildSettings = {
				ALWAYS_EMBED_SWIFT_STANDARD_LIBRARIES = YES;
				CODE_SIGN_STYLE = Automatic;
				CURRENT_PROJECT_VERSION = 1;
				DEVELOPMENT_TEAM = VDTSFZ79Z9;
				GENERATE_INFOPLIST_FILE = YES;
				MARKETING_VERSION = 1.0;
				PRODUCT_BUNDLE_IDENTIFIER = Capital.WeatherAPiUITests;
				PRODUCT_NAME = "$(TARGET_NAME)";
				SWIFT_EMIT_LOC_STRINGS = NO;
				SWIFT_VERSION = 5.0;
				TARGETED_DEVICE_FAMILY = "1,2";
				TEST_TARGET_NAME = WeatherAPi;
			};
			name = "Debug-Staging";
		};
		BD010BF22C9B31720060CCDF /* Debug-Paoduction */ = {
			isa = XCBuildConfiguration;
			baseConfigurationReference = BD010BE92C9B2F800060CCDF /* Production.xcconfig */;
			buildSettings = {
				ALWAYS_SEARCH_USER_PATHS = NO;
				ASSETCATALOG_COMPILER_GENERATE_SWIFT_ASSET_SYMBOL_EXTENSIONS = YES;
				CLANG_ANALYZER_NONNULL = YES;
				CLANG_ANALYZER_NUMBER_OBJECT_CONVERSION = YES_AGGRESSIVE;
				CLANG_CXX_LANGUAGE_STANDARD = "gnu++20";
				CLANG_ENABLE_MODULES = YES;
				CLANG_ENABLE_OBJC_ARC = YES;
				CLANG_ENABLE_OBJC_WEAK = YES;
				CLANG_WARN_BLOCK_CAPTURE_AUTORELEASING = YES;
				CLANG_WARN_BOOL_CONVERSION = YES;
				CLANG_WARN_COMMA = YES;
				CLANG_WARN_CONSTANT_CONVERSION = YES;
				CLANG_WARN_DEPRECATED_OBJC_IMPLEMENTATIONS = YES;
				CLANG_WARN_DIRECT_OBJC_ISA_USAGE = YES_ERROR;
				CLANG_WARN_DOCUMENTATION_COMMENTS = YES;
				CLANG_WARN_EMPTY_BODY = YES;
				CLANG_WARN_ENUM_CONVERSION = YES;
				CLANG_WARN_INFINITE_RECURSION = YES;
				CLANG_WARN_INT_CONVERSION = YES;
				CLANG_WARN_NON_LITERAL_NULL_CONVERSION = YES;
				CLANG_WARN_OBJC_IMPLICIT_RETAIN_SELF = YES;
				CLANG_WARN_OBJC_LITERAL_CONVERSION = YES;
				CLANG_WARN_OBJC_ROOT_CLASS = YES_ERROR;
				CLANG_WARN_QUOTED_INCLUDE_IN_FRAMEWORK_HEADER = YES;
				CLANG_WARN_RANGE_LOOP_ANALYSIS = YES;
				CLANG_WARN_STRICT_PROTOTYPES = YES;
				CLANG_WARN_SUSPICIOUS_MOVE = YES;
				CLANG_WARN_UNGUARDED_AVAILABILITY = YES_AGGRESSIVE;
				CLANG_WARN_UNREACHABLE_CODE = YES;
				CLANG_WARN__DUPLICATE_METHOD_MATCH = YES;
				COPY_PHASE_STRIP = NO;
				DEBUG_INFORMATION_FORMAT = dwarf;
				ENABLE_STRICT_OBJC_MSGSEND = YES;
				ENABLE_TESTABILITY = YES;
				ENABLE_USER_SCRIPT_SANDBOXING = YES;
				GCC_C_LANGUAGE_STANDARD = gnu17;
				GCC_DYNAMIC_NO_PIC = NO;
				GCC_NO_COMMON_BLOCKS = YES;
				GCC_OPTIMIZATION_LEVEL = 0;
				GCC_PREPROCESSOR_DEFINITIONS = (
					"DEBUG=1",
					"$(inherited)",
				);
				GCC_WARN_64_TO_32_BIT_CONVERSION = YES;
				GCC_WARN_ABOUT_RETURN_TYPE = YES_ERROR;
				GCC_WARN_UNDECLARED_SELECTOR = YES;
				GCC_WARN_UNINITIALIZED_AUTOS = YES_AGGRESSIVE;
				GCC_WARN_UNUSED_FUNCTION = YES;
				GCC_WARN_UNUSED_VARIABLE = YES;
				IPHONEOS_DEPLOYMENT_TARGET = 14.0;
				LOCALIZATION_PREFERS_STRING_CATALOGS = YES;
				MTL_ENABLE_DEBUG_INFO = INCLUDE_SOURCE;
				MTL_FAST_MATH = YES;
				ONLY_ACTIVE_ARCH = YES;
				OTHER_SWIFT_FLAGS = "-D PRODUCTION";
				SDKROOT = iphoneos;
				SWIFT_ACTIVE_COMPILATION_CONDITIONS = "DEBUG $(inherited)";
				SWIFT_OPTIMIZATION_LEVEL = "-Onone";
			};
			name = "Debug-Paoduction";
		};
		BD010BF32C9B31720060CCDF /* Debug-Paoduction */ = {
			isa = XCBuildConfiguration;
			buildSettings = {
				ASSETCATALOG_COMPILER_APPICON_NAME = AppIcon;
				ASSETCATALOG_COMPILER_GLOBAL_ACCENT_COLOR_NAME = AccentColor;
				CODE_SIGN_STYLE = Automatic;
				CURRENT_PROJECT_VERSION = 1;
				DEVELOPMENT_TEAM = VDTSFZ79Z9;
				GENERATE_INFOPLIST_FILE = YES;
				INFOPLIST_FILE = WeatherAPi/Info.plist;
				INFOPLIST_KEY_UIApplicationSupportsIndirectInputEvents = YES;
				INFOPLIST_KEY_UILaunchStoryboardName = LaunchScreen;
				INFOPLIST_KEY_UISupportedInterfaceOrientations_iPad = "UIInterfaceOrientationPortrait UIInterfaceOrientationPortraitUpsideDown UIInterfaceOrientationLandscapeLeft UIInterfaceOrientationLandscapeRight";
				INFOPLIST_KEY_UISupportedInterfaceOrientations_iPhone = "UIInterfaceOrientationPortrait UIInterfaceOrientationLandscapeLeft UIInterfaceOrientationLandscapeRight";
				IPHONEOS_DEPLOYMENT_TARGET = 15.0;
				LD_RUNPATH_SEARCH_PATHS = (
					"$(inherited)",
					"@executable_path/Frameworks",
				);
				MARKETING_VERSION = 1.0;
				PRODUCT_BUNDLE_IDENTIFIER = Capital.WeatherAPi;
				PRODUCT_NAME = "$(TARGET_NAME)";
				SWIFT_EMIT_LOC_STRINGS = YES;
				SWIFT_VERSION = 5.0;
				TARGETED_DEVICE_FAMILY = "1,2";
			};
			name = "Debug-Paoduction";
		};
		BD010BF42C9B31720060CCDF /* Debug-Paoduction */ = {
			isa = XCBuildConfiguration;
			buildSettings = {
				ALWAYS_EMBED_SWIFT_STANDARD_LIBRARIES = YES;
				BUNDLE_LOADER = "$(TEST_HOST)";
				CODE_SIGN_STYLE = Automatic;
				CURRENT_PROJECT_VERSION = 1;
				DEVELOPMENT_TEAM = VDTSFZ79Z9;
				GENERATE_INFOPLIST_FILE = YES;
				IPHONEOS_DEPLOYMENT_TARGET = 14.0;
				MARKETING_VERSION = 1.0;
				PRODUCT_BUNDLE_IDENTIFIER = Capital.WeatherAPiTests;
				PRODUCT_NAME = "$(TARGET_NAME)";
				SWIFT_EMIT_LOC_STRINGS = NO;
				SWIFT_VERSION = 5.0;
				TARGETED_DEVICE_FAMILY = "1,2";
				TEST_HOST = "$(BUILT_PRODUCTS_DIR)/WeatherAPi.app/$(BUNDLE_EXECUTABLE_FOLDER_PATH)/WeatherAPi";
			};
			name = "Debug-Paoduction";
		};
		BD010BF52C9B31720060CCDF /* Debug-Paoduction */ = {
			isa = XCBuildConfiguration;
			buildSettings = {
				ALWAYS_EMBED_SWIFT_STANDARD_LIBRARIES = YES;
				CODE_SIGN_STYLE = Automatic;
				CURRENT_PROJECT_VERSION = 1;
				DEVELOPMENT_TEAM = VDTSFZ79Z9;
				GENERATE_INFOPLIST_FILE = YES;
				MARKETING_VERSION = 1.0;
				PRODUCT_BUNDLE_IDENTIFIER = Capital.WeatherAPiUITests;
				PRODUCT_NAME = "$(TARGET_NAME)";
				SWIFT_EMIT_LOC_STRINGS = NO;
				SWIFT_VERSION = 5.0;
				TARGETED_DEVICE_FAMILY = "1,2";
				TEST_TARGET_NAME = WeatherAPi;
			};
			name = "Debug-Paoduction";
		};
		BD010BF62C9B31820060CCDF /* Release-Test */ = {
			isa = XCBuildConfiguration;
			baseConfigurationReference = BDB3E2032C3C1689000DB0C9 /* Test.xcconfig */;
			buildSettings = {
				ALWAYS_SEARCH_USER_PATHS = NO;
				ASSETCATALOG_COMPILER_GENERATE_SWIFT_ASSET_SYMBOL_EXTENSIONS = YES;
				CLANG_ANALYZER_NONNULL = YES;
				CLANG_ANALYZER_NUMBER_OBJECT_CONVERSION = YES_AGGRESSIVE;
				CLANG_CXX_LANGUAGE_STANDARD = "gnu++20";
				CLANG_ENABLE_MODULES = YES;
				CLANG_ENABLE_OBJC_ARC = YES;
				CLANG_ENABLE_OBJC_WEAK = YES;
				CLANG_WARN_BLOCK_CAPTURE_AUTORELEASING = YES;
				CLANG_WARN_BOOL_CONVERSION = YES;
				CLANG_WARN_COMMA = YES;
				CLANG_WARN_CONSTANT_CONVERSION = YES;
				CLANG_WARN_DEPRECATED_OBJC_IMPLEMENTATIONS = YES;
				CLANG_WARN_DIRECT_OBJC_ISA_USAGE = YES_ERROR;
				CLANG_WARN_DOCUMENTATION_COMMENTS = YES;
				CLANG_WARN_EMPTY_BODY = YES;
				CLANG_WARN_ENUM_CONVERSION = YES;
				CLANG_WARN_INFINITE_RECURSION = YES;
				CLANG_WARN_INT_CONVERSION = YES;
				CLANG_WARN_NON_LITERAL_NULL_CONVERSION = YES;
				CLANG_WARN_OBJC_IMPLICIT_RETAIN_SELF = YES;
				CLANG_WARN_OBJC_LITERAL_CONVERSION = YES;
				CLANG_WARN_OBJC_ROOT_CLASS = YES_ERROR;
				CLANG_WARN_QUOTED_INCLUDE_IN_FRAMEWORK_HEADER = YES;
				CLANG_WARN_RANGE_LOOP_ANALYSIS = YES;
				CLANG_WARN_STRICT_PROTOTYPES = YES;
				CLANG_WARN_SUSPICIOUS_MOVE = YES;
				CLANG_WARN_UNGUARDED_AVAILABILITY = YES_AGGRESSIVE;
				CLANG_WARN_UNREACHABLE_CODE = YES;
				CLANG_WARN__DUPLICATE_METHOD_MATCH = YES;
				COPY_PHASE_STRIP = NO;
				DEBUG_INFORMATION_FORMAT = "dwarf-with-dsym";
				ENABLE_NS_ASSERTIONS = NO;
				ENABLE_STRICT_OBJC_MSGSEND = YES;
				ENABLE_USER_SCRIPT_SANDBOXING = YES;
				GCC_C_LANGUAGE_STANDARD = gnu17;
				GCC_NO_COMMON_BLOCKS = YES;
				GCC_WARN_64_TO_32_BIT_CONVERSION = YES;
				GCC_WARN_ABOUT_RETURN_TYPE = YES_ERROR;
				GCC_WARN_UNDECLARED_SELECTOR = YES;
				GCC_WARN_UNINITIALIZED_AUTOS = YES_AGGRESSIVE;
				GCC_WARN_UNUSED_FUNCTION = YES;
				GCC_WARN_UNUSED_VARIABLE = YES;
				IPHONEOS_DEPLOYMENT_TARGET = 14.0;
				LOCALIZATION_PREFERS_STRING_CATALOGS = YES;
				MTL_ENABLE_DEBUG_INFO = NO;
				MTL_FAST_MATH = YES;
				SDKROOT = iphoneos;
				SWIFT_ACTIVE_COMPILATION_CONDITIONS = "";
				SWIFT_COMPILATION_MODE = wholemodule;
				VALIDATE_PRODUCT = YES;
			};
			name = "Release-Test";
		};
		BD010BF72C9B31820060CCDF /* Release-Test */ = {
			isa = XCBuildConfiguration;
			buildSettings = {
				ASSETCATALOG_COMPILER_APPICON_NAME = AppIcon;
				ASSETCATALOG_COMPILER_GLOBAL_ACCENT_COLOR_NAME = AccentColor;
				CODE_SIGN_ENTITLEMENTS = "WeatherAPi/WeatherAPiRelease-Test.entitlements";
				CODE_SIGN_STYLE = Automatic;
				CURRENT_PROJECT_VERSION = 1;
				DEVELOPMENT_TEAM = VDTSFZ79Z9;
				GENERATE_INFOPLIST_FILE = YES;
				INFOPLIST_FILE = WeatherAPi/Info.plist;
				INFOPLIST_KEY_UIApplicationSupportsIndirectInputEvents = YES;
				INFOPLIST_KEY_UILaunchStoryboardName = LaunchScreen;
				INFOPLIST_KEY_UISupportedInterfaceOrientations_iPad = "UIInterfaceOrientationPortrait UIInterfaceOrientationPortraitUpsideDown UIInterfaceOrientationLandscapeLeft UIInterfaceOrientationLandscapeRight";
				INFOPLIST_KEY_UISupportedInterfaceOrientations_iPhone = "UIInterfaceOrientationPortrait UIInterfaceOrientationLandscapeLeft UIInterfaceOrientationLandscapeRight";
				IPHONEOS_DEPLOYMENT_TARGET = 15.0;
				LD_RUNPATH_SEARCH_PATHS = (
					"$(inherited)",
					"@executable_path/Frameworks",
				);
				MARKETING_VERSION = 1.0;
				PRODUCT_BUNDLE_IDENTIFIER = Capital.WeatherAPi;
				PRODUCT_NAME = "$(TARGET_NAME)";
				SWIFT_ACTIVE_COMPILATION_CONDITIONS = "";
				SWIFT_EMIT_LOC_STRINGS = YES;
				SWIFT_VERSION = 5.0;
				TARGETED_DEVICE_FAMILY = "1,2";
			};
			name = "Release-Test";
		};
		BD010BF82C9B31820060CCDF /* Release-Test */ = {
			isa = XCBuildConfiguration;
			buildSettings = {
				ALWAYS_EMBED_SWIFT_STANDARD_LIBRARIES = YES;
				BUNDLE_LOADER = "$(TEST_HOST)";
				CODE_SIGN_STYLE = Automatic;
				CURRENT_PROJECT_VERSION = 1;
				DEVELOPMENT_TEAM = VDTSFZ79Z9;
				GENERATE_INFOPLIST_FILE = YES;
				IPHONEOS_DEPLOYMENT_TARGET = 14.0;
				MARKETING_VERSION = 1.0;
				PRODUCT_BUNDLE_IDENTIFIER = Capital.WeatherAPiTests;
				PRODUCT_NAME = "$(TARGET_NAME)";
				SWIFT_EMIT_LOC_STRINGS = NO;
				SWIFT_VERSION = 5.0;
				TARGETED_DEVICE_FAMILY = "1,2";
				TEST_HOST = "$(BUILT_PRODUCTS_DIR)/WeatherAPi.app/$(BUNDLE_EXECUTABLE_FOLDER_PATH)/WeatherAPi";
			};
			name = "Release-Test";
		};
		BD010BF92C9B31820060CCDF /* Release-Test */ = {
			isa = XCBuildConfiguration;
			buildSettings = {
				ALWAYS_EMBED_SWIFT_STANDARD_LIBRARIES = YES;
				CODE_SIGN_STYLE = Automatic;
				CURRENT_PROJECT_VERSION = 1;
				DEVELOPMENT_TEAM = VDTSFZ79Z9;
				GENERATE_INFOPLIST_FILE = YES;
				MARKETING_VERSION = 1.0;
				PRODUCT_BUNDLE_IDENTIFIER = Capital.WeatherAPiUITests;
				PRODUCT_NAME = "$(TARGET_NAME)";
				SWIFT_EMIT_LOC_STRINGS = NO;
				SWIFT_VERSION = 5.0;
				TARGETED_DEVICE_FAMILY = "1,2";
				TEST_TARGET_NAME = WeatherAPi;
			};
			name = "Release-Test";
		};
		BD010BFA2C9B318E0060CCDF /* Release-Staging */ = {
			isa = XCBuildConfiguration;
			baseConfigurationReference = BD010BE82C9B2F6B0060CCDF /* Staging.xcconfig */;
			buildSettings = {
				ALWAYS_SEARCH_USER_PATHS = NO;
				ASSETCATALOG_COMPILER_GENERATE_SWIFT_ASSET_SYMBOL_EXTENSIONS = YES;
				CLANG_ANALYZER_NONNULL = YES;
				CLANG_ANALYZER_NUMBER_OBJECT_CONVERSION = YES_AGGRESSIVE;
				CLANG_CXX_LANGUAGE_STANDARD = "gnu++20";
				CLANG_ENABLE_MODULES = YES;
				CLANG_ENABLE_OBJC_ARC = YES;
				CLANG_ENABLE_OBJC_WEAK = YES;
				CLANG_WARN_BLOCK_CAPTURE_AUTORELEASING = YES;
				CLANG_WARN_BOOL_CONVERSION = YES;
				CLANG_WARN_COMMA = YES;
				CLANG_WARN_CONSTANT_CONVERSION = YES;
				CLANG_WARN_DEPRECATED_OBJC_IMPLEMENTATIONS = YES;
				CLANG_WARN_DIRECT_OBJC_ISA_USAGE = YES_ERROR;
				CLANG_WARN_DOCUMENTATION_COMMENTS = YES;
				CLANG_WARN_EMPTY_BODY = YES;
				CLANG_WARN_ENUM_CONVERSION = YES;
				CLANG_WARN_INFINITE_RECURSION = YES;
				CLANG_WARN_INT_CONVERSION = YES;
				CLANG_WARN_NON_LITERAL_NULL_CONVERSION = YES;
				CLANG_WARN_OBJC_IMPLICIT_RETAIN_SELF = YES;
				CLANG_WARN_OBJC_LITERAL_CONVERSION = YES;
				CLANG_WARN_OBJC_ROOT_CLASS = YES_ERROR;
				CLANG_WARN_QUOTED_INCLUDE_IN_FRAMEWORK_HEADER = YES;
				CLANG_WARN_RANGE_LOOP_ANALYSIS = YES;
				CLANG_WARN_STRICT_PROTOTYPES = YES;
				CLANG_WARN_SUSPICIOUS_MOVE = YES;
				CLANG_WARN_UNGUARDED_AVAILABILITY = YES_AGGRESSIVE;
				CLANG_WARN_UNREACHABLE_CODE = YES;
				CLANG_WARN__DUPLICATE_METHOD_MATCH = YES;
				COPY_PHASE_STRIP = NO;
				DEBUG_INFORMATION_FORMAT = "dwarf-with-dsym";
				ENABLE_NS_ASSERTIONS = NO;
				ENABLE_STRICT_OBJC_MSGSEND = YES;
				ENABLE_USER_SCRIPT_SANDBOXING = YES;
				GCC_C_LANGUAGE_STANDARD = gnu17;
				GCC_NO_COMMON_BLOCKS = YES;
				GCC_WARN_64_TO_32_BIT_CONVERSION = YES;
				GCC_WARN_ABOUT_RETURN_TYPE = YES_ERROR;
				GCC_WARN_UNDECLARED_SELECTOR = YES;
				GCC_WARN_UNINITIALIZED_AUTOS = YES_AGGRESSIVE;
				GCC_WARN_UNUSED_FUNCTION = YES;
				GCC_WARN_UNUSED_VARIABLE = YES;
				IPHONEOS_DEPLOYMENT_TARGET = 14.0;
				LOCALIZATION_PREFERS_STRING_CATALOGS = YES;
				MTL_ENABLE_DEBUG_INFO = NO;
				MTL_FAST_MATH = YES;
				SDKROOT = iphoneos;
				SWIFT_ACTIVE_COMPILATION_CONDITIONS = "";
				SWIFT_COMPILATION_MODE = wholemodule;
				VALIDATE_PRODUCT = YES;
			};
			name = "Release-Staging";
		};
		BD010BFB2C9B318E0060CCDF /* Release-Staging */ = {
			isa = XCBuildConfiguration;
			buildSettings = {
				ASSETCATALOG_COMPILER_APPICON_NAME = AppIcon;
				ASSETCATALOG_COMPILER_GLOBAL_ACCENT_COLOR_NAME = AccentColor;
				CODE_SIGN_STYLE = Automatic;
				CURRENT_PROJECT_VERSION = 1;
				DEVELOPMENT_TEAM = VDTSFZ79Z9;
				GENERATE_INFOPLIST_FILE = YES;
				INFOPLIST_FILE = WeatherAPi/Info.plist;
				INFOPLIST_KEY_UIApplicationSupportsIndirectInputEvents = YES;
				INFOPLIST_KEY_UILaunchStoryboardName = LaunchScreen;
				INFOPLIST_KEY_UISupportedInterfaceOrientations_iPad = "UIInterfaceOrientationPortrait UIInterfaceOrientationPortraitUpsideDown UIInterfaceOrientationLandscapeLeft UIInterfaceOrientationLandscapeRight";
				INFOPLIST_KEY_UISupportedInterfaceOrientations_iPhone = "UIInterfaceOrientationPortrait UIInterfaceOrientationLandscapeLeft UIInterfaceOrientationLandscapeRight";
				IPHONEOS_DEPLOYMENT_TARGET = 15.0;
				LD_RUNPATH_SEARCH_PATHS = (
					"$(inherited)",
					"@executable_path/Frameworks",
				);
				MARKETING_VERSION = 1.0;
				PRODUCT_BUNDLE_IDENTIFIER = Capital.WeatherAPi;
				PRODUCT_NAME = "$(TARGET_NAME)";
				SWIFT_ACTIVE_COMPILATION_CONDITIONS = "";
				SWIFT_EMIT_LOC_STRINGS = YES;
				SWIFT_VERSION = 5.0;
				TARGETED_DEVICE_FAMILY = "1,2";
			};
			name = "Release-Staging";
		};
		BD010BFC2C9B318E0060CCDF /* Release-Staging */ = {
			isa = XCBuildConfiguration;
			buildSettings = {
				ALWAYS_EMBED_SWIFT_STANDARD_LIBRARIES = YES;
				BUNDLE_LOADER = "$(TEST_HOST)";
				CODE_SIGN_STYLE = Automatic;
				CURRENT_PROJECT_VERSION = 1;
				DEVELOPMENT_TEAM = VDTSFZ79Z9;
				GENERATE_INFOPLIST_FILE = YES;
				IPHONEOS_DEPLOYMENT_TARGET = 14.0;
				MARKETING_VERSION = 1.0;
				PRODUCT_BUNDLE_IDENTIFIER = Capital.WeatherAPiTests;
				PRODUCT_NAME = "$(TARGET_NAME)";
				SWIFT_EMIT_LOC_STRINGS = NO;
				SWIFT_VERSION = 5.0;
				TARGETED_DEVICE_FAMILY = "1,2";
				TEST_HOST = "$(BUILT_PRODUCTS_DIR)/WeatherAPi.app/$(BUNDLE_EXECUTABLE_FOLDER_PATH)/WeatherAPi";
			};
			name = "Release-Staging";
		};
		BD010BFD2C9B318E0060CCDF /* Release-Staging */ = {
			isa = XCBuildConfiguration;
			buildSettings = {
				ALWAYS_EMBED_SWIFT_STANDARD_LIBRARIES = YES;
				CODE_SIGN_STYLE = Automatic;
				CURRENT_PROJECT_VERSION = 1;
				DEVELOPMENT_TEAM = VDTSFZ79Z9;
				GENERATE_INFOPLIST_FILE = YES;
				MARKETING_VERSION = 1.0;
				PRODUCT_BUNDLE_IDENTIFIER = Capital.WeatherAPiUITests;
				PRODUCT_NAME = "$(TARGET_NAME)";
				SWIFT_EMIT_LOC_STRINGS = NO;
				SWIFT_VERSION = 5.0;
				TARGETED_DEVICE_FAMILY = "1,2";
				TEST_TARGET_NAME = WeatherAPi;
			};
			name = "Release-Staging";
		};
		BD010BFE2C9B319B0060CCDF /* Release-Production */ = {
			isa = XCBuildConfiguration;
			baseConfigurationReference = BD010BE92C9B2F800060CCDF /* Production.xcconfig */;
			buildSettings = {
				ALWAYS_SEARCH_USER_PATHS = NO;
				ASSETCATALOG_COMPILER_GENERATE_SWIFT_ASSET_SYMBOL_EXTENSIONS = YES;
				CLANG_ANALYZER_NONNULL = YES;
				CLANG_ANALYZER_NUMBER_OBJECT_CONVERSION = YES_AGGRESSIVE;
				CLANG_CXX_LANGUAGE_STANDARD = "gnu++20";
				CLANG_ENABLE_MODULES = YES;
				CLANG_ENABLE_OBJC_ARC = YES;
				CLANG_ENABLE_OBJC_WEAK = YES;
				CLANG_WARN_BLOCK_CAPTURE_AUTORELEASING = YES;
				CLANG_WARN_BOOL_CONVERSION = YES;
				CLANG_WARN_COMMA = YES;
				CLANG_WARN_CONSTANT_CONVERSION = YES;
				CLANG_WARN_DEPRECATED_OBJC_IMPLEMENTATIONS = YES;
				CLANG_WARN_DIRECT_OBJC_ISA_USAGE = YES_ERROR;
				CLANG_WARN_DOCUMENTATION_COMMENTS = YES;
				CLANG_WARN_EMPTY_BODY = YES;
				CLANG_WARN_ENUM_CONVERSION = YES;
				CLANG_WARN_INFINITE_RECURSION = YES;
				CLANG_WARN_INT_CONVERSION = YES;
				CLANG_WARN_NON_LITERAL_NULL_CONVERSION = YES;
				CLANG_WARN_OBJC_IMPLICIT_RETAIN_SELF = YES;
				CLANG_WARN_OBJC_LITERAL_CONVERSION = YES;
				CLANG_WARN_OBJC_ROOT_CLASS = YES_ERROR;
				CLANG_WARN_QUOTED_INCLUDE_IN_FRAMEWORK_HEADER = YES;
				CLANG_WARN_RANGE_LOOP_ANALYSIS = YES;
				CLANG_WARN_STRICT_PROTOTYPES = YES;
				CLANG_WARN_SUSPICIOUS_MOVE = YES;
				CLANG_WARN_UNGUARDED_AVAILABILITY = YES_AGGRESSIVE;
				CLANG_WARN_UNREACHABLE_CODE = YES;
				CLANG_WARN__DUPLICATE_METHOD_MATCH = YES;
				COPY_PHASE_STRIP = NO;
				DEBUG_INFORMATION_FORMAT = "dwarf-with-dsym";
				ENABLE_NS_ASSERTIONS = NO;
				ENABLE_STRICT_OBJC_MSGSEND = YES;
				ENABLE_USER_SCRIPT_SANDBOXING = YES;
				GCC_C_LANGUAGE_STANDARD = gnu17;
				GCC_NO_COMMON_BLOCKS = YES;
				GCC_WARN_64_TO_32_BIT_CONVERSION = YES;
				GCC_WARN_ABOUT_RETURN_TYPE = YES_ERROR;
				GCC_WARN_UNDECLARED_SELECTOR = YES;
				GCC_WARN_UNINITIALIZED_AUTOS = YES_AGGRESSIVE;
				GCC_WARN_UNUSED_FUNCTION = YES;
				GCC_WARN_UNUSED_VARIABLE = YES;
				IPHONEOS_DEPLOYMENT_TARGET = 14.0;
				LOCALIZATION_PREFERS_STRING_CATALOGS = YES;
				MTL_ENABLE_DEBUG_INFO = NO;
				MTL_FAST_MATH = YES;
				SDKROOT = iphoneos;
				SWIFT_ACTIVE_COMPILATION_CONDITIONS = "";
				SWIFT_COMPILATION_MODE = wholemodule;
				VALIDATE_PRODUCT = YES;
			};
			name = "Release-Production";
		};
		BD010BFF2C9B319B0060CCDF /* Release-Production */ = {
			isa = XCBuildConfiguration;
			buildSettings = {
				ASSETCATALOG_COMPILER_APPICON_NAME = AppIcon;
				ASSETCATALOG_COMPILER_GLOBAL_ACCENT_COLOR_NAME = AccentColor;
				CODE_SIGN_STYLE = Automatic;
				CURRENT_PROJECT_VERSION = 1;
				DEVELOPMENT_TEAM = VDTSFZ79Z9;
				GENERATE_INFOPLIST_FILE = YES;
				INFOPLIST_FILE = WeatherAPi/Info.plist;
				INFOPLIST_KEY_UIApplicationSupportsIndirectInputEvents = YES;
				INFOPLIST_KEY_UILaunchStoryboardName = LaunchScreen;
				INFOPLIST_KEY_UISupportedInterfaceOrientations_iPad = "UIInterfaceOrientationPortrait UIInterfaceOrientationPortraitUpsideDown UIInterfaceOrientationLandscapeLeft UIInterfaceOrientationLandscapeRight";
				INFOPLIST_KEY_UISupportedInterfaceOrientations_iPhone = "UIInterfaceOrientationPortrait UIInterfaceOrientationLandscapeLeft UIInterfaceOrientationLandscapeRight";
				IPHONEOS_DEPLOYMENT_TARGET = 15.0;
				LD_RUNPATH_SEARCH_PATHS = (
					"$(inherited)",
					"@executable_path/Frameworks",
				);
				MARKETING_VERSION = 1.0;
				PRODUCT_BUNDLE_IDENTIFIER = Capital.WeatherAPi;
				PRODUCT_NAME = "$(TARGET_NAME)";
				SWIFT_ACTIVE_COMPILATION_CONDITIONS = "";
				SWIFT_EMIT_LOC_STRINGS = YES;
				SWIFT_VERSION = 5.0;
				TARGETED_DEVICE_FAMILY = "1,2";
			};
			name = "Release-Production";
		};
		BD010C002C9B319B0060CCDF /* Release-Production */ = {
			isa = XCBuildConfiguration;
			buildSettings = {
				ALWAYS_EMBED_SWIFT_STANDARD_LIBRARIES = YES;
				BUNDLE_LOADER = "$(TEST_HOST)";
				CODE_SIGN_STYLE = Automatic;
				CURRENT_PROJECT_VERSION = 1;
				DEVELOPMENT_TEAM = VDTSFZ79Z9;
				GENERATE_INFOPLIST_FILE = YES;
				IPHONEOS_DEPLOYMENT_TARGET = 14.0;
				MARKETING_VERSION = 1.0;
				PRODUCT_BUNDLE_IDENTIFIER = Capital.WeatherAPiTests;
				PRODUCT_NAME = "$(TARGET_NAME)";
				SWIFT_EMIT_LOC_STRINGS = NO;
				SWIFT_VERSION = 5.0;
				TARGETED_DEVICE_FAMILY = "1,2";
				TEST_HOST = "$(BUILT_PRODUCTS_DIR)/WeatherAPi.app/$(BUNDLE_EXECUTABLE_FOLDER_PATH)/WeatherAPi";
			};
			name = "Release-Production";
		};
		BD010C012C9B319B0060CCDF /* Release-Production */ = {
			isa = XCBuildConfiguration;
			buildSettings = {
				ALWAYS_EMBED_SWIFT_STANDARD_LIBRARIES = YES;
				CODE_SIGN_STYLE = Automatic;
				CURRENT_PROJECT_VERSION = 1;
				DEVELOPMENT_TEAM = VDTSFZ79Z9;
				GENERATE_INFOPLIST_FILE = YES;
				MARKETING_VERSION = 1.0;
				PRODUCT_BUNDLE_IDENTIFIER = Capital.WeatherAPiUITests;
				PRODUCT_NAME = "$(TARGET_NAME)";
				SWIFT_EMIT_LOC_STRINGS = NO;
				SWIFT_VERSION = 5.0;
				TARGETED_DEVICE_FAMILY = "1,2";
				TEST_TARGET_NAME = WeatherAPi;
			};
			name = "Release-Production";
		};
		BD2171542B56B9D100F58C14 /* Debug */ = {
			isa = XCBuildConfiguration;
			buildSettings = {
				ALWAYS_SEARCH_USER_PATHS = NO;
				ASSETCATALOG_COMPILER_GENERATE_SWIFT_ASSET_SYMBOL_EXTENSIONS = YES;
				CLANG_ANALYZER_NONNULL = YES;
				CLANG_ANALYZER_NUMBER_OBJECT_CONVERSION = YES_AGGRESSIVE;
				CLANG_CXX_LANGUAGE_STANDARD = "gnu++20";
				CLANG_ENABLE_MODULES = YES;
				CLANG_ENABLE_OBJC_ARC = YES;
				CLANG_ENABLE_OBJC_WEAK = YES;
				CLANG_WARN_BLOCK_CAPTURE_AUTORELEASING = YES;
				CLANG_WARN_BOOL_CONVERSION = YES;
				CLANG_WARN_COMMA = YES;
				CLANG_WARN_CONSTANT_CONVERSION = YES;
				CLANG_WARN_DEPRECATED_OBJC_IMPLEMENTATIONS = YES;
				CLANG_WARN_DIRECT_OBJC_ISA_USAGE = YES_ERROR;
				CLANG_WARN_DOCUMENTATION_COMMENTS = YES;
				CLANG_WARN_EMPTY_BODY = YES;
				CLANG_WARN_ENUM_CONVERSION = YES;
				CLANG_WARN_INFINITE_RECURSION = YES;
				CLANG_WARN_INT_CONVERSION = YES;
				CLANG_WARN_NON_LITERAL_NULL_CONVERSION = YES;
				CLANG_WARN_OBJC_IMPLICIT_RETAIN_SELF = YES;
				CLANG_WARN_OBJC_LITERAL_CONVERSION = YES;
				CLANG_WARN_OBJC_ROOT_CLASS = YES_ERROR;
				CLANG_WARN_QUOTED_INCLUDE_IN_FRAMEWORK_HEADER = YES;
				CLANG_WARN_RANGE_LOOP_ANALYSIS = YES;
				CLANG_WARN_STRICT_PROTOTYPES = YES;
				CLANG_WARN_SUSPICIOUS_MOVE = YES;
				CLANG_WARN_UNGUARDED_AVAILABILITY = YES_AGGRESSIVE;
				CLANG_WARN_UNREACHABLE_CODE = YES;
				CLANG_WARN__DUPLICATE_METHOD_MATCH = YES;
				COPY_PHASE_STRIP = NO;
				DEBUG_INFORMATION_FORMAT = dwarf;
				ENABLE_STRICT_OBJC_MSGSEND = YES;
				ENABLE_TESTABILITY = YES;
				ENABLE_USER_SCRIPT_SANDBOXING = YES;
				GCC_C_LANGUAGE_STANDARD = gnu17;
				GCC_DYNAMIC_NO_PIC = NO;
				GCC_NO_COMMON_BLOCKS = YES;
				GCC_OPTIMIZATION_LEVEL = 0;
				GCC_PREPROCESSOR_DEFINITIONS = (
					"DEBUG=1",
					"$(inherited)",
				);
				GCC_WARN_64_TO_32_BIT_CONVERSION = YES;
				GCC_WARN_ABOUT_RETURN_TYPE = YES_ERROR;
				GCC_WARN_UNDECLARED_SELECTOR = YES;
				GCC_WARN_UNINITIALIZED_AUTOS = YES_AGGRESSIVE;
				GCC_WARN_UNUSED_FUNCTION = YES;
				GCC_WARN_UNUSED_VARIABLE = YES;
				IPHONEOS_DEPLOYMENT_TARGET = 14.0;
				LOCALIZATION_PREFERS_STRING_CATALOGS = YES;
				MTL_ENABLE_DEBUG_INFO = INCLUDE_SOURCE;
				MTL_FAST_MATH = YES;
				ONLY_ACTIVE_ARCH = YES;
				OTHER_SWIFT_FLAGS = "";
				SDKROOT = iphoneos;
				SWIFT_ACTIVE_COMPILATION_CONDITIONS = "DEBUG $(inherited)";
				SWIFT_OPTIMIZATION_LEVEL = "-Onone";
			};
			name = Debug;
		};
		BD2171552B56B9D100F58C14 /* Release */ = {
			isa = XCBuildConfiguration;
			buildSettings = {
				ALWAYS_SEARCH_USER_PATHS = NO;
				ASSETCATALOG_COMPILER_GENERATE_SWIFT_ASSET_SYMBOL_EXTENSIONS = YES;
				CLANG_ANALYZER_NONNULL = YES;
				CLANG_ANALYZER_NUMBER_OBJECT_CONVERSION = YES_AGGRESSIVE;
				CLANG_CXX_LANGUAGE_STANDARD = "gnu++20";
				CLANG_ENABLE_MODULES = YES;
				CLANG_ENABLE_OBJC_ARC = YES;
				CLANG_ENABLE_OBJC_WEAK = YES;
				CLANG_WARN_BLOCK_CAPTURE_AUTORELEASING = YES;
				CLANG_WARN_BOOL_CONVERSION = YES;
				CLANG_WARN_COMMA = YES;
				CLANG_WARN_CONSTANT_CONVERSION = YES;
				CLANG_WARN_DEPRECATED_OBJC_IMPLEMENTATIONS = YES;
				CLANG_WARN_DIRECT_OBJC_ISA_USAGE = YES_ERROR;
				CLANG_WARN_DOCUMENTATION_COMMENTS = YES;
				CLANG_WARN_EMPTY_BODY = YES;
				CLANG_WARN_ENUM_CONVERSION = YES;
				CLANG_WARN_INFINITE_RECURSION = YES;
				CLANG_WARN_INT_CONVERSION = YES;
				CLANG_WARN_NON_LITERAL_NULL_CONVERSION = YES;
				CLANG_WARN_OBJC_IMPLICIT_RETAIN_SELF = YES;
				CLANG_WARN_OBJC_LITERAL_CONVERSION = YES;
				CLANG_WARN_OBJC_ROOT_CLASS = YES_ERROR;
				CLANG_WARN_QUOTED_INCLUDE_IN_FRAMEWORK_HEADER = YES;
				CLANG_WARN_RANGE_LOOP_ANALYSIS = YES;
				CLANG_WARN_STRICT_PROTOTYPES = YES;
				CLANG_WARN_SUSPICIOUS_MOVE = YES;
				CLANG_WARN_UNGUARDED_AVAILABILITY = YES_AGGRESSIVE;
				CLANG_WARN_UNREACHABLE_CODE = YES;
				CLANG_WARN__DUPLICATE_METHOD_MATCH = YES;
				COPY_PHASE_STRIP = NO;
				DEBUG_INFORMATION_FORMAT = "dwarf-with-dsym";
				ENABLE_NS_ASSERTIONS = NO;
				ENABLE_STRICT_OBJC_MSGSEND = YES;
				ENABLE_USER_SCRIPT_SANDBOXING = YES;
				GCC_C_LANGUAGE_STANDARD = gnu17;
				GCC_NO_COMMON_BLOCKS = YES;
				GCC_WARN_64_TO_32_BIT_CONVERSION = YES;
				GCC_WARN_ABOUT_RETURN_TYPE = YES_ERROR;
				GCC_WARN_UNDECLARED_SELECTOR = YES;
				GCC_WARN_UNINITIALIZED_AUTOS = YES_AGGRESSIVE;
				GCC_WARN_UNUSED_FUNCTION = YES;
				GCC_WARN_UNUSED_VARIABLE = YES;
				IPHONEOS_DEPLOYMENT_TARGET = 14.0;
				LOCALIZATION_PREFERS_STRING_CATALOGS = YES;
				MTL_ENABLE_DEBUG_INFO = NO;
				MTL_FAST_MATH = YES;
				SDKROOT = iphoneos;
				SWIFT_ACTIVE_COMPILATION_CONDITIONS = "";
				SWIFT_COMPILATION_MODE = wholemodule;
				VALIDATE_PRODUCT = YES;
			};
			name = Release;
		};
		BD2171572B56B9D100F58C14 /* Debug */ = {
			isa = XCBuildConfiguration;
			buildSettings = {
				ASSETCATALOG_COMPILER_APPICON_NAME = AppIcon;
				ASSETCATALOG_COMPILER_GLOBAL_ACCENT_COLOR_NAME = AccentColor;
				CODE_SIGN_STYLE = Automatic;
				CURRENT_PROJECT_VERSION = 1;
				DEVELOPMENT_TEAM = VDTSFZ79Z9;
				GENERATE_INFOPLIST_FILE = YES;
				INFOPLIST_FILE = WeatherAPi/Info.plist;
				INFOPLIST_KEY_UIApplicationSupportsIndirectInputEvents = YES;
				INFOPLIST_KEY_UILaunchStoryboardName = LaunchScreen;
				INFOPLIST_KEY_UISupportedInterfaceOrientations_iPad = "UIInterfaceOrientationPortrait UIInterfaceOrientationPortraitUpsideDown UIInterfaceOrientationLandscapeLeft UIInterfaceOrientationLandscapeRight";
				INFOPLIST_KEY_UISupportedInterfaceOrientations_iPhone = "UIInterfaceOrientationPortrait UIInterfaceOrientationLandscapeLeft UIInterfaceOrientationLandscapeRight";
				IPHONEOS_DEPLOYMENT_TARGET = 15.0;
				LD_RUNPATH_SEARCH_PATHS = (
					"$(inherited)",
					"@executable_path/Frameworks",
				);
				MARKETING_VERSION = 1.0;
				PRODUCT_BUNDLE_IDENTIFIER = Capital.WeatherAPi;
				PRODUCT_NAME = "$(TARGET_NAME)";
				SWIFT_EMIT_LOC_STRINGS = YES;
				SWIFT_VERSION = 5.0;
				TARGETED_DEVICE_FAMILY = "1,2";
			};
			name = Debug;
		};
		BD2171582B56B9D100F58C14 /* Release */ = {
			isa = XCBuildConfiguration;
			buildSettings = {
				ASSETCATALOG_COMPILER_APPICON_NAME = AppIcon;
				ASSETCATALOG_COMPILER_GLOBAL_ACCENT_COLOR_NAME = AccentColor;
				CODE_SIGN_STYLE = Automatic;
				CURRENT_PROJECT_VERSION = 1;
				DEVELOPMENT_TEAM = VDTSFZ79Z9;
				GENERATE_INFOPLIST_FILE = YES;
				INFOPLIST_FILE = WeatherAPi/Info.plist;
				INFOPLIST_KEY_UIApplicationSupportsIndirectInputEvents = YES;
				INFOPLIST_KEY_UILaunchStoryboardName = LaunchScreen;
				INFOPLIST_KEY_UISupportedInterfaceOrientations_iPad = "UIInterfaceOrientationPortrait UIInterfaceOrientationPortraitUpsideDown UIInterfaceOrientationLandscapeLeft UIInterfaceOrientationLandscapeRight";
				INFOPLIST_KEY_UISupportedInterfaceOrientations_iPhone = "UIInterfaceOrientationPortrait UIInterfaceOrientationLandscapeLeft UIInterfaceOrientationLandscapeRight";
				IPHONEOS_DEPLOYMENT_TARGET = 15.0;
				LD_RUNPATH_SEARCH_PATHS = (
					"$(inherited)",
					"@executable_path/Frameworks",
				);
				MARKETING_VERSION = 1.0;
				MTL_ENABLE_DEBUG_INFO = NO;
				PRODUCT_BUNDLE_IDENTIFIER = Capital.WeatherAPi;
				PRODUCT_NAME = "$(TARGET_NAME)";
				SWIFT_ACTIVE_COMPILATION_CONDITIONS = "";
				SWIFT_EMIT_LOC_STRINGS = YES;
				SWIFT_VERSION = 5.0;
				TARGETED_DEVICE_FAMILY = "1,2";
			};
			name = Release;
		};
		BD21715A2B56B9D100F58C14 /* Debug */ = {
			isa = XCBuildConfiguration;
			buildSettings = {
				ALWAYS_EMBED_SWIFT_STANDARD_LIBRARIES = YES;
				BUNDLE_LOADER = "$(TEST_HOST)";
				CODE_SIGN_STYLE = Automatic;
				CURRENT_PROJECT_VERSION = 1;
				DEVELOPMENT_TEAM = VDTSFZ79Z9;
				GENERATE_INFOPLIST_FILE = YES;
				IPHONEOS_DEPLOYMENT_TARGET = 14.0;
				MARKETING_VERSION = 1.0;
				PRODUCT_BUNDLE_IDENTIFIER = Capital.WeatherAPiTests;
				PRODUCT_NAME = "$(TARGET_NAME)";
				SWIFT_EMIT_LOC_STRINGS = NO;
				SWIFT_VERSION = 5.0;
				TARGETED_DEVICE_FAMILY = "1,2";
				TEST_HOST = "$(BUILT_PRODUCTS_DIR)/WeatherAPi.app/$(BUNDLE_EXECUTABLE_FOLDER_PATH)/WeatherAPi";
			};
			name = Debug;
		};
		BD21715B2B56B9D100F58C14 /* Release */ = {
			isa = XCBuildConfiguration;
			buildSettings = {
				ALWAYS_EMBED_SWIFT_STANDARD_LIBRARIES = YES;
				BUNDLE_LOADER = "$(TEST_HOST)";
				CODE_SIGN_STYLE = Automatic;
				CURRENT_PROJECT_VERSION = 1;
				DEVELOPMENT_TEAM = VDTSFZ79Z9;
				GENERATE_INFOPLIST_FILE = YES;
				IPHONEOS_DEPLOYMENT_TARGET = 14.0;
				MARKETING_VERSION = 1.0;
				PRODUCT_BUNDLE_IDENTIFIER = Capital.WeatherAPiTests;
				PRODUCT_NAME = "$(TARGET_NAME)";
				SWIFT_EMIT_LOC_STRINGS = NO;
				SWIFT_VERSION = 5.0;
				TARGETED_DEVICE_FAMILY = "1,2";
				TEST_HOST = "$(BUILT_PRODUCTS_DIR)/WeatherAPi.app/$(BUNDLE_EXECUTABLE_FOLDER_PATH)/WeatherAPi";
			};
			name = Release;
		};
		BD21715D2B56B9D100F58C14 /* Debug */ = {
			isa = XCBuildConfiguration;
			buildSettings = {
				ALWAYS_EMBED_SWIFT_STANDARD_LIBRARIES = YES;
				CODE_SIGN_STYLE = Automatic;
				CURRENT_PROJECT_VERSION = 1;
				DEVELOPMENT_TEAM = VDTSFZ79Z9;
				GENERATE_INFOPLIST_FILE = YES;
				MARKETING_VERSION = 1.0;
				PRODUCT_BUNDLE_IDENTIFIER = Capital.WeatherAPiUITests;
				PRODUCT_NAME = "$(TARGET_NAME)";
				SWIFT_EMIT_LOC_STRINGS = NO;
				SWIFT_VERSION = 5.0;
				TARGETED_DEVICE_FAMILY = "1,2";
				TEST_TARGET_NAME = WeatherAPi;
			};
			name = Debug;
		};
		BD21715E2B56B9D100F58C14 /* Release */ = {
			isa = XCBuildConfiguration;
			buildSettings = {
				ALWAYS_EMBED_SWIFT_STANDARD_LIBRARIES = YES;
				CODE_SIGN_STYLE = Automatic;
				CURRENT_PROJECT_VERSION = 1;
				DEVELOPMENT_TEAM = VDTSFZ79Z9;
				GENERATE_INFOPLIST_FILE = YES;
				MARKETING_VERSION = 1.0;
				PRODUCT_BUNDLE_IDENTIFIER = Capital.WeatherAPiUITests;
				PRODUCT_NAME = "$(TARGET_NAME)";
				SWIFT_EMIT_LOC_STRINGS = NO;
				SWIFT_VERSION = 5.0;
				TARGETED_DEVICE_FAMILY = "1,2";
				TEST_TARGET_NAME = WeatherAPi;
			};
			name = Release;
		};
/* End XCBuildConfiguration section */

/* Begin XCConfigurationList section */
		BD2171272B56B9C600F58C14 /* Build configuration list for PBXProject "WeatherAPi" */ = {
			isa = XCConfigurationList;
			buildConfigurations = (
				BD2171542B56B9D100F58C14 /* Debug */,
				BD010BF22C9B31720060CCDF /* Debug-Paoduction */,
				BD010BEE2C9B31620060CCDF /* Debug-Staging */,
				BD010BEA2C9B31110060CCDF /* Debug-Test */,
				BD2171552B56B9D100F58C14 /* Release */,
				BD010BFE2C9B319B0060CCDF /* Release-Production */,
				BD010BFA2C9B318E0060CCDF /* Release-Staging */,
				BD010BF62C9B31820060CCDF /* Release-Test */,
			);
			defaultConfigurationIsVisible = 0;
			defaultConfigurationName = Release;
		};
		BD2171562B56B9D100F58C14 /* Build configuration list for PBXNativeTarget "WeatherAPi" */ = {
			isa = XCConfigurationList;
			buildConfigurations = (
				BD2171572B56B9D100F58C14 /* Debug */,
				BD010BF32C9B31720060CCDF /* Debug-Paoduction */,
				BD010BEF2C9B31620060CCDF /* Debug-Staging */,
				BD010BEB2C9B31110060CCDF /* Debug-Test */,
				BD2171582B56B9D100F58C14 /* Release */,
				BD010BFF2C9B319B0060CCDF /* Release-Production */,
				BD010BFB2C9B318E0060CCDF /* Release-Staging */,
				BD010BF72C9B31820060CCDF /* Release-Test */,
			);
			defaultConfigurationIsVisible = 0;
			defaultConfigurationName = Release;
		};
		BD2171592B56B9D100F58C14 /* Build configuration list for PBXNativeTarget "WeatherAPiTests" */ = {
			isa = XCConfigurationList;
			buildConfigurations = (
				BD21715A2B56B9D100F58C14 /* Debug */,
				BD010BF42C9B31720060CCDF /* Debug-Paoduction */,
				BD010BF02C9B31620060CCDF /* Debug-Staging */,
				BD010BEC2C9B31110060CCDF /* Debug-Test */,
				BD21715B2B56B9D100F58C14 /* Release */,
				BD010C002C9B319B0060CCDF /* Release-Production */,
				BD010BFC2C9B318E0060CCDF /* Release-Staging */,
				BD010BF82C9B31820060CCDF /* Release-Test */,
			);
			defaultConfigurationIsVisible = 0;
			defaultConfigurationName = Release;
		};
		BD21715C2B56B9D100F58C14 /* Build configuration list for PBXNativeTarget "WeatherAPiUITests" */ = {
			isa = XCConfigurationList;
			buildConfigurations = (
				BD21715D2B56B9D100F58C14 /* Debug */,
				BD010BF52C9B31720060CCDF /* Debug-Paoduction */,
				BD010BF12C9B31620060CCDF /* Debug-Staging */,
				BD010BED2C9B31110060CCDF /* Debug-Test */,
				BD21715E2B56B9D100F58C14 /* Release */,
				BD010C012C9B319B0060CCDF /* Release-Production */,
				BD010BFD2C9B318E0060CCDF /* Release-Staging */,
				BD010BF92C9B31820060CCDF /* Release-Test */,
			);
			defaultConfigurationIsVisible = 0;
			defaultConfigurationName = Release;
		};
/* End XCConfigurationList section */
	};
	rootObject = BD2171242B56B9C600F58C14 /* Project object */;
}
